// !$*UTF8*$!
{
	archiveVersion = 1;
	classes = {
	};
	objectVersion = 46;
	objects = {

/* Begin PBXBuildFile section */
		8B1596025648C1B94614AB89 /* libPods.a in Frameworks */ = {isa = PBXBuildFile; fileRef = 94E92288E7E0AD966A26ACB2 /* libPods.a */; };
		B00688611A3A97BE00038987 /* MHDownloadJsonDataViewController.m in Sources */ = {isa = PBXBuildFile; fileRef = B00687DC1A3A97BE00038987 /* MHDownloadJsonDataViewController.m */; };
		B00688661A3A97BE00038987 /* MHResumeViewController.m in Sources */ = {isa = PBXBuildFile; fileRef = B00687E41A3A97BE00038987 /* MHResumeViewController.m */; };
		B00688691A3A97BE00038987 /* MHRootViewController.m in Sources */ = {isa = PBXBuildFile; fileRef = B00687E91A3A97BE00038987 /* MHRootViewController.m */; };
		B006886A1A3A97BE00038987 /* MHBaseDAO.m in Sources */ = {isa = PBXBuildFile; fileRef = B00687EC1A3A97BE00038987 /* MHBaseDAO.m */; };
		B006886B1A3A97BE00038987 /* MHDataBaseDAO.m in Sources */ = {isa = PBXBuildFile; fileRef = B00687EE1A3A97BE00038987 /* MHDataBaseDAO.m */; };
		B006886C1A3A97BE00038987 /* MHAFNetworkingManager.m in Sources */ = {isa = PBXBuildFile; fileRef = B00687F51A3A97BE00038987 /* MHAFNetworkingManager.m */; };
		B006886D1A3A97BE00038987 /* MHDownloadHelper.m in Sources */ = {isa = PBXBuildFile; fileRef = B00687F71A3A97BE00038987 /* MHDownloadHelper.m */; };
		B006886E1A3A97BE00038987 /* MHFMDBManager.m in Sources */ = {isa = PBXBuildFile; fileRef = B00687F91A3A97BE00038987 /* MHFMDBManager.m */; };
		B006886F1A3A97BE00038987 /* MHSlidingManager.m in Sources */ = {isa = PBXBuildFile; fileRef = B00687FB1A3A97BE00038987 /* MHSlidingManager.m */; };
		B00688701A3A97BE00038987 /* MHBaseModel.m in Sources */ = {isa = PBXBuildFile; fileRef = B00687FE1A3A97BE00038987 /* MHBaseModel.m */; };
		B00688711A3A97BE00038987 /* MHBaseObject.m in Sources */ = {isa = PBXBuildFile; fileRef = B00688001A3A97BE00038987 /* MHBaseObject.m */; };
		B00688731A3A97BE00038987 /* MHJsonDataSource.m in Sources */ = {isa = PBXBuildFile; fileRef = B00688041A3A97BE00038987 /* MHJsonDataSource.m */; };
		B00688741A3A97BE00038987 /* MHJsonModel.m in Sources */ = {isa = PBXBuildFile; fileRef = B00688061A3A97BE00038987 /* MHJsonModel.m */; };
		B00688751A3A97BE00038987 /* MHUserInfo.m in Sources */ = {isa = PBXBuildFile; fileRef = B00688081A3A97BE00038987 /* MHUserInfo.m */; };
		B00688761A3A97BE00038987 /* profundity_content.css in Resources */ = {isa = PBXBuildFile; fileRef = B006880B1A3A97BE00038987 /* profundity_content.css */; };
		B00688771A3A97BE00038987 /* profundity_content.js in Resources */ = {isa = PBXBuildFile; fileRef = B006880C1A3A97BE00038987 /* profundity_content.js */; };
		B00688781A3A97BE00038987 /* profundity_content_template.html in Resources */ = {isa = PBXBuildFile; fileRef = B006880D1A3A97BE00038987 /* profundity_content_template.html */; };
		B00688791A3A97BE00038987 /* navi_btn_left@2x.png in Resources */ = {isa = PBXBuildFile; fileRef = B00688101A3A97BE00038987 /* navi_btn_left@2x.png */; };
		B006887A1A3A97BE00038987 /* navi_btn_right@2x.png in Resources */ = {isa = PBXBuildFile; fileRef = B00688111A3A97BE00038987 /* navi_btn_right@2x.png */; };
		B006887B1A3A97BE00038987 /* MHBaseTableViewController.m in Sources */ = {isa = PBXBuildFile; fileRef = B00688141A3A97BE00038987 /* MHBaseTableViewController.m */; };
		B006887C1A3A97BE00038987 /* MHBaseViewController+NavigationBar.m in Sources */ = {isa = PBXBuildFile; fileRef = B00688161A3A97BE00038987 /* MHBaseViewController+NavigationBar.m */; };
		B006887D1A3A97BE00038987 /* MHBaseViewController.m in Sources */ = {isa = PBXBuildFile; fileRef = B00688181A3A97BE00038987 /* MHBaseViewController.m */; };
		B006887E1A3A97BE00038987 /* AFHTTPRequestOperation+TaskInfo.m in Sources */ = {isa = PBXBuildFile; fileRef = B006881C1A3A97BE00038987 /* AFHTTPRequestOperation+TaskInfo.m */; };
		B006887F1A3A97BE00038987 /* NSMutableArray+AddObject.m in Sources */ = {isa = PBXBuildFile; fileRef = B006881E1A3A97BE00038987 /* NSMutableArray+AddObject.m */; };
		B00688801A3A97BE00038987 /* NSObject+GetPropertys.m in Sources */ = {isa = PBXBuildFile; fileRef = B00688201A3A97BE00038987 /* NSObject+GetPropertys.m */; };
		B00688811A3A97BE00038987 /* NSObject+MHObjectExtend.m in Sources */ = {isa = PBXBuildFile; fileRef = B00688221A3A97BE00038987 /* NSObject+MHObjectExtend.m */; };
		B00688821A3A97BE00038987 /* NSString+JudgeIfEmpty.m in Sources */ = {isa = PBXBuildFile; fileRef = B00688241A3A97BE00038987 /* NSString+JudgeIfEmpty.m */; };
		B00688831A3A97BE00038987 /* QHCommonUtil.m in Sources */ = {isa = PBXBuildFile; fileRef = B00688261A3A97BE00038987 /* QHCommonUtil.m */; };
		B00688841A3A97BE00038987 /* SandboxFile.m in Sources */ = {isa = PBXBuildFile; fileRef = B00688281A3A97BE00038987 /* SandboxFile.m */; };
		B00688851A3A97BE00038987 /* UIImage+ImageEffects.m in Sources */ = {isa = PBXBuildFile; fileRef = B006882A1A3A97BE00038987 /* UIImage+ImageEffects.m */; };
		B00688861A3A97BE00038987 /* UIImageView+LBBlurredImage.m in Sources */ = {isa = PBXBuildFile; fileRef = B006882C1A3A97BE00038987 /* UIImageView+LBBlurredImage.m */; };
		B00688871A3A97BE00038987 /* UIView+FindFirstResponder.m in Sources */ = {isa = PBXBuildFile; fileRef = B006882E1A3A97BE00038987 /* UIView+FindFirstResponder.m */; };
		B00688881A3A97BE00038987 /* UIView+NIBView.m in Sources */ = {isa = PBXBuildFile; fileRef = B00688301A3A97BE00038987 /* UIView+NIBView.m */; };
		B00688891A3A97BE00038987 /* UIViewController+MHViewExtend.m in Sources */ = {isa = PBXBuildFile; fileRef = B00688321A3A97BE00038987 /* UIViewController+MHViewExtend.m */; };
		B006888A1A3A97BE00038987 /* MHMD5.m in Sources */ = {isa = PBXBuildFile; fileRef = B00688351A3A97BE00038987 /* MHMD5.m */; };
		B006888B1A3A97BE00038987 /* ParseTool.m in Sources */ = {isa = PBXBuildFile; fileRef = B00688371A3A97BE00038987 /* ParseTool.m */; };
		B006888C1A3A97BE00038987 /* TimeTool.m in Sources */ = {isa = PBXBuildFile; fileRef = B00688391A3A97BE00038987 /* TimeTool.m */; };
		B006888D1A3A97BE00038987 /* GVUserDefaults.m in Sources */ = {isa = PBXBuildFile; fileRef = B006883D1A3A97BE00038987 /* GVUserDefaults.m */; };
		B006888E1A3A97BE00038987 /* NSDictionary+Devil.m in Sources */ = {isa = PBXBuildFile; fileRef = B006883F1A3A97BE00038987 /* NSDictionary+Devil.m */; };
		B006888F1A3A97BE00038987 /* NSObject+ETAdditions.m in Sources */ = {isa = PBXBuildFile; fileRef = B00688411A3A97BE00038987 /* NSObject+ETAdditions.m */; };
		B00688901A3A97BE00038987 /* NSStringAdditions.m in Sources */ = {isa = PBXBuildFile; fileRef = B00688431A3A97BE00038987 /* NSStringAdditions.m */; };
		B00688911A3A97BE00038987 /* UIView+DevilUIView.m in Sources */ = {isa = PBXBuildFile; fileRef = B00688451A3A97BE00038987 /* UIView+DevilUIView.m */; };
		B00688921A3A97BE00038987 /* BaseNSObject.m in Sources */ = {isa = PBXBuildFile; fileRef = B00688481A3A97BE00038987 /* BaseNSObject.m */; };
		B00688931A3A97BE00038987 /* NSData+IJson.m in Sources */ = {isa = PBXBuildFile; fileRef = B006884A1A3A97BE00038987 /* NSData+IJson.m */; };
		B00688941A3A97BE00038987 /* NSString+IJson.m in Sources */ = {isa = PBXBuildFile; fileRef = B006884C1A3A97BE00038987 /* NSString+IJson.m */; };
		B00688951A3A97BE00038987 /* MJRefresh.bundle in Resources */ = {isa = PBXBuildFile; fileRef = B006884E1A3A97BE00038987 /* MJRefresh.bundle */; };
		B00688961A3A97BE00038987 /* MJRefreshBaseView.m in Sources */ = {isa = PBXBuildFile; fileRef = B00688511A3A97BE00038987 /* MJRefreshBaseView.m */; };
		B00688971A3A97BE00038987 /* MJRefreshConst.m in Sources */ = {isa = PBXBuildFile; fileRef = B00688531A3A97BE00038987 /* MJRefreshConst.m */; };
		B00688981A3A97BE00038987 /* MJRefreshFooterView.m in Sources */ = {isa = PBXBuildFile; fileRef = B00688551A3A97BE00038987 /* MJRefreshFooterView.m */; };
		B00688991A3A97BE00038987 /* MJRefreshHeaderView.m in Sources */ = {isa = PBXBuildFile; fileRef = B00688571A3A97BE00038987 /* MJRefreshHeaderView.m */; };
		B006889A1A3A97BE00038987 /* XLCycleScrollView.m in Sources */ = {isa = PBXBuildFile; fileRef = B006885A1A3A97BE00038987 /* XLCycleScrollView.m */; };
		B006889B1A3A97BE00038987 /* YRSideViewController.m in Sources */ = {isa = PBXBuildFile; fileRef = B006885D1A3A97BE00038987 /* YRSideViewController.m */; };
		B006889C1A3A97BE00038987 /* MHButton.m in Sources */ = {isa = PBXBuildFile; fileRef = B00688601A3A97BE00038987 /* MHButton.m */; };
		B00688A01A3AA0F400038987 /* Default-568h@2x.png in Resources */ = {isa = PBXBuildFile; fileRef = B006889F1A3AA0F400038987 /* Default-568h@2x.png */; };
		B00688A61A3AD49400038987 /* NSArray+MHJson.m in Sources */ = {isa = PBXBuildFile; fileRef = B00688A51A3AD49400038987 /* NSArray+MHJson.m */; };
		B00688A91A3AD4A700038987 /* NSDictionary+MHJson.m in Sources */ = {isa = PBXBuildFile; fileRef = B00688A81A3AD4A700038987 /* NSDictionary+MHJson.m */; };
		B02C04FD1A1CAB7400305193 /* main.m in Sources */ = {isa = PBXBuildFile; fileRef = B02C04FC1A1CAB7400305193 /* main.m */; };
		B02C05001A1CAB7400305193 /* AppDelegate.m in Sources */ = {isa = PBXBuildFile; fileRef = B02C04FF1A1CAB7400305193 /* AppDelegate.m */; };
		B02C05031A1CAB7400305193 /* MHAgileFramework.xcdatamodeld in Sources */ = {isa = PBXBuildFile; fileRef = B02C05011A1CAB7400305193 /* MHAgileFramework.xcdatamodeld */; };
		B02C050B1A1CAB7400305193 /* Images.xcassets in Resources */ = {isa = PBXBuildFile; fileRef = B02C050A1A1CAB7400305193 /* Images.xcassets */; };
		B02C051A1A1CAB7400305193 /* MHAgileFrameworkTests.m in Sources */ = {isa = PBXBuildFile; fileRef = B02C05191A1CAB7400305193 /* MHAgileFrameworkTests.m */; };
		B0364BCE1A3EC4800058CDE8 /* MHElementModel.m in Sources */ = {isa = PBXBuildFile; fileRef = B0364BCD1A3EC4800058CDE8 /* MHElementModel.m */; };
		B0F792141A24996A00D1FAFB /* Note in Resources */ = {isa = PBXBuildFile; fileRef = B0F792131A24996A00D1FAFB /* Note */; };
/* End PBXBuildFile section */

/* Begin PBXContainerItemProxy section */
		B02C05141A1CAB7400305193 /* PBXContainerItemProxy */ = {
			isa = PBXContainerItemProxy;
			containerPortal = B02C04EF1A1CAB7400305193 /* Project object */;
			proxyType = 1;
			remoteGlobalIDString = B02C04F61A1CAB7400305193;
			remoteInfo = MHAgileFramework;
		};
/* End PBXContainerItemProxy section */

/* Begin PBXFileReference section */
		165541709DDCBC5C8F84B9A8 /* Pods.debug.xcconfig */ = {isa = PBXFileReference; includeInIndex = 1; lastKnownFileType = text.xcconfig; name = Pods.debug.xcconfig; path = "Pods/Target Support Files/Pods/Pods.debug.xcconfig"; sourceTree = "<group>"; };
		29CA0C15026F2E8B4630F296 /* Pods.release.xcconfig */ = {isa = PBXFileReference; includeInIndex = 1; lastKnownFileType = text.xcconfig; name = Pods.release.xcconfig; path = "Pods/Target Support Files/Pods/Pods.release.xcconfig"; sourceTree = "<group>"; };
		94E92288E7E0AD966A26ACB2 /* libPods.a */ = {isa = PBXFileReference; explicitFileType = archive.ar; includeInIndex = 0; path = libPods.a; sourceTree = BUILT_PRODUCTS_DIR; };
		B00687DB1A3A97BE00038987 /* MHDownloadJsonDataViewController.h */ = {isa = PBXFileReference; fileEncoding = 4; lastKnownFileType = sourcecode.c.h; path = MHDownloadJsonDataViewController.h; sourceTree = "<group>"; };
		B00687DC1A3A97BE00038987 /* MHDownloadJsonDataViewController.m */ = {isa = PBXFileReference; fileEncoding = 4; lastKnownFileType = sourcecode.c.objc; path = MHDownloadJsonDataViewController.m; sourceTree = "<group>"; };
		B00687E31A3A97BE00038987 /* MHResumeViewController.h */ = {isa = PBXFileReference; fileEncoding = 4; lastKnownFileType = sourcecode.c.h; path = MHResumeViewController.h; sourceTree = "<group>"; };
		B00687E41A3A97BE00038987 /* MHResumeViewController.m */ = {isa = PBXFileReference; fileEncoding = 4; lastKnownFileType = sourcecode.c.objc; path = MHResumeViewController.m; sourceTree = "<group>"; };
		B00687E81A3A97BE00038987 /* MHRootViewController.h */ = {isa = PBXFileReference; fileEncoding = 4; lastKnownFileType = sourcecode.c.h; path = MHRootViewController.h; sourceTree = "<group>"; };
		B00687E91A3A97BE00038987 /* MHRootViewController.m */ = {isa = PBXFileReference; fileEncoding = 4; lastKnownFileType = sourcecode.c.objc; path = MHRootViewController.m; sourceTree = "<group>"; };
		B00687EB1A3A97BE00038987 /* MHBaseDAO.h */ = {isa = PBXFileReference; fileEncoding = 4; lastKnownFileType = sourcecode.c.h; path = MHBaseDAO.h; sourceTree = "<group>"; };
		B00687EC1A3A97BE00038987 /* MHBaseDAO.m */ = {isa = PBXFileReference; fileEncoding = 4; lastKnownFileType = sourcecode.c.objc; path = MHBaseDAO.m; sourceTree = "<group>"; };
		B00687ED1A3A97BE00038987 /* MHDataBaseDAO.h */ = {isa = PBXFileReference; fileEncoding = 4; lastKnownFileType = sourcecode.c.h; path = MHDataBaseDAO.h; sourceTree = "<group>"; };
		B00687EE1A3A97BE00038987 /* MHDataBaseDAO.m */ = {isa = PBXFileReference; fileEncoding = 4; lastKnownFileType = sourcecode.c.objc; path = MHDataBaseDAO.m; sourceTree = "<group>"; };
		B00687F01A3A97BE00038987 /* MHCommonDef.h */ = {isa = PBXFileReference; fileEncoding = 4; lastKnownFileType = sourcecode.c.h; path = MHCommonDef.h; sourceTree = "<group>"; };
		B00687F11A3A97BE00038987 /* MHCommonURL.h */ = {isa = PBXFileReference; fileEncoding = 4; lastKnownFileType = sourcecode.c.h; path = MHCommonURL.h; sourceTree = "<group>"; };
		B00687F21A3A97BE00038987 /* MHInterface.h */ = {isa = PBXFileReference; fileEncoding = 4; lastKnownFileType = sourcecode.c.h; path = MHInterface.h; sourceTree = "<group>"; };
		B00687F41A3A97BE00038987 /* MHAFNetworkingManager.h */ = {isa = PBXFileReference; fileEncoding = 4; lastKnownFileType = sourcecode.c.h; path = MHAFNetworkingManager.h; sourceTree = "<group>"; };
		B00687F51A3A97BE00038987 /* MHAFNetworkingManager.m */ = {isa = PBXFileReference; fileEncoding = 4; lastKnownFileType = sourcecode.c.objc; path = MHAFNetworkingManager.m; sourceTree = "<group>"; };
		B00687F61A3A97BE00038987 /* MHDownloadHelper.h */ = {isa = PBXFileReference; fileEncoding = 4; lastKnownFileType = sourcecode.c.h; path = MHDownloadHelper.h; sourceTree = "<group>"; };
		B00687F71A3A97BE00038987 /* MHDownloadHelper.m */ = {isa = PBXFileReference; fileEncoding = 4; lastKnownFileType = sourcecode.c.objc; path = MHDownloadHelper.m; sourceTree = "<group>"; };
		B00687F81A3A97BE00038987 /* MHFMDBManager.h */ = {isa = PBXFileReference; fileEncoding = 4; lastKnownFileType = sourcecode.c.h; path = MHFMDBManager.h; sourceTree = "<group>"; };
		B00687F91A3A97BE00038987 /* MHFMDBManager.m */ = {isa = PBXFileReference; fileEncoding = 4; lastKnownFileType = sourcecode.c.objc; path = MHFMDBManager.m; sourceTree = "<group>"; };
		B00687FA1A3A97BE00038987 /* MHSlidingManager.h */ = {isa = PBXFileReference; fileEncoding = 4; lastKnownFileType = sourcecode.c.h; path = MHSlidingManager.h; sourceTree = "<group>"; };
		B00687FB1A3A97BE00038987 /* MHSlidingManager.m */ = {isa = PBXFileReference; fileEncoding = 4; lastKnownFileType = sourcecode.c.objc; path = MHSlidingManager.m; sourceTree = "<group>"; };
		B00687FD1A3A97BE00038987 /* MHBaseModel.h */ = {isa = PBXFileReference; fileEncoding = 4; lastKnownFileType = sourcecode.c.h; path = MHBaseModel.h; sourceTree = "<group>"; };
		B00687FE1A3A97BE00038987 /* MHBaseModel.m */ = {isa = PBXFileReference; fileEncoding = 4; lastKnownFileType = sourcecode.c.objc; path = MHBaseModel.m; sourceTree = "<group>"; };
		B00687FF1A3A97BE00038987 /* MHBaseObject.h */ = {isa = PBXFileReference; fileEncoding = 4; lastKnownFileType = sourcecode.c.h; path = MHBaseObject.h; sourceTree = "<group>"; };
		B00688001A3A97BE00038987 /* MHBaseObject.m */ = {isa = PBXFileReference; fileEncoding = 4; lastKnownFileType = sourcecode.c.objc; path = MHBaseObject.m; sourceTree = "<group>"; };
		B00688031A3A97BE00038987 /* MHJsonDataSource.h */ = {isa = PBXFileReference; fileEncoding = 4; lastKnownFileType = sourcecode.c.h; name = MHJsonDataSource.h; path = ../../Model/MHJsonDataSource.h; sourceTree = "<group>"; };
		B00688041A3A97BE00038987 /* MHJsonDataSource.m */ = {isa = PBXFileReference; fileEncoding = 4; lastKnownFileType = sourcecode.c.objc; name = MHJsonDataSource.m; path = ../../Model/MHJsonDataSource.m; sourceTree = "<group>"; };
		B00688051A3A97BE00038987 /* MHJsonModel.h */ = {isa = PBXFileReference; fileEncoding = 4; lastKnownFileType = sourcecode.c.h; path = MHJsonModel.h; sourceTree = "<group>"; };
		B00688061A3A97BE00038987 /* MHJsonModel.m */ = {isa = PBXFileReference; fileEncoding = 4; lastKnownFileType = sourcecode.c.objc; path = MHJsonModel.m; sourceTree = "<group>"; };
		B00688071A3A97BE00038987 /* MHUserInfo.h */ = {isa = PBXFileReference; fileEncoding = 4; lastKnownFileType = sourcecode.c.h; path = MHUserInfo.h; sourceTree = "<group>"; };
		B00688081A3A97BE00038987 /* MHUserInfo.m */ = {isa = PBXFileReference; fileEncoding = 4; lastKnownFileType = sourcecode.c.objc; path = MHUserInfo.m; sourceTree = "<group>"; };
		B006880B1A3A97BE00038987 /* profundity_content.css */ = {isa = PBXFileReference; fileEncoding = 4; lastKnownFileType = text.css; path = profundity_content.css; sourceTree = "<group>"; };
		B006880C1A3A97BE00038987 /* profundity_content.js */ = {isa = PBXFileReference; fileEncoding = 4; lastKnownFileType = sourcecode.javascript; path = profundity_content.js; sourceTree = "<group>"; };
		B006880D1A3A97BE00038987 /* profundity_content_template.html */ = {isa = PBXFileReference; fileEncoding = 4; lastKnownFileType = text.html; path = profundity_content_template.html; sourceTree = "<group>"; };
		B00688101A3A97BE00038987 /* navi_btn_left@2x.png */ = {isa = PBXFileReference; lastKnownFileType = image.png; path = "navi_btn_left@2x.png"; sourceTree = "<group>"; };
		B00688111A3A97BE00038987 /* navi_btn_right@2x.png */ = {isa = PBXFileReference; lastKnownFileType = image.png; path = "navi_btn_right@2x.png"; sourceTree = "<group>"; };
		B00688131A3A97BE00038987 /* MHBaseTableViewController.h */ = {isa = PBXFileReference; fileEncoding = 4; lastKnownFileType = sourcecode.c.h; path = MHBaseTableViewController.h; sourceTree = "<group>"; };
		B00688141A3A97BE00038987 /* MHBaseTableViewController.m */ = {isa = PBXFileReference; fileEncoding = 4; lastKnownFileType = sourcecode.c.objc; path = MHBaseTableViewController.m; sourceTree = "<group>"; };
		B00688151A3A97BE00038987 /* MHBaseViewController+NavigationBar.h */ = {isa = PBXFileReference; fileEncoding = 4; lastKnownFileType = sourcecode.c.h; path = "MHBaseViewController+NavigationBar.h"; sourceTree = "<group>"; };
		B00688161A3A97BE00038987 /* MHBaseViewController+NavigationBar.m */ = {isa = PBXFileReference; fileEncoding = 4; lastKnownFileType = sourcecode.c.objc; path = "MHBaseViewController+NavigationBar.m"; sourceTree = "<group>"; };
		B00688171A3A97BE00038987 /* MHBaseViewController.h */ = {isa = PBXFileReference; fileEncoding = 4; lastKnownFileType = sourcecode.c.h; path = MHBaseViewController.h; sourceTree = "<group>"; };
		B00688181A3A97BE00038987 /* MHBaseViewController.m */ = {isa = PBXFileReference; fileEncoding = 4; lastKnownFileType = sourcecode.c.objc; path = MHBaseViewController.m; sourceTree = "<group>"; };
		B006881B1A3A97BE00038987 /* AFHTTPRequestOperation+TaskInfo.h */ = {isa = PBXFileReference; fileEncoding = 4; lastKnownFileType = sourcecode.c.h; path = "AFHTTPRequestOperation+TaskInfo.h"; sourceTree = "<group>"; };
		B006881C1A3A97BE00038987 /* AFHTTPRequestOperation+TaskInfo.m */ = {isa = PBXFileReference; fileEncoding = 4; lastKnownFileType = sourcecode.c.objc; path = "AFHTTPRequestOperation+TaskInfo.m"; sourceTree = "<group>"; };
		B006881D1A3A97BE00038987 /* NSMutableArray+AddObject.h */ = {isa = PBXFileReference; fileEncoding = 4; lastKnownFileType = sourcecode.c.h; path = "NSMutableArray+AddObject.h"; sourceTree = "<group>"; };
		B006881E1A3A97BE00038987 /* NSMutableArray+AddObject.m */ = {isa = PBXFileReference; fileEncoding = 4; lastKnownFileType = sourcecode.c.objc; path = "NSMutableArray+AddObject.m"; sourceTree = "<group>"; };
		B006881F1A3A97BE00038987 /* NSObject+GetPropertys.h */ = {isa = PBXFileReference; fileEncoding = 4; lastKnownFileType = sourcecode.c.h; path = "NSObject+GetPropertys.h"; sourceTree = "<group>"; };
		B00688201A3A97BE00038987 /* NSObject+GetPropertys.m */ = {isa = PBXFileReference; fileEncoding = 4; lastKnownFileType = sourcecode.c.objc; path = "NSObject+GetPropertys.m"; sourceTree = "<group>"; };
		B00688211A3A97BE00038987 /* NSObject+MHObjectExtend.h */ = {isa = PBXFileReference; fileEncoding = 4; lastKnownFileType = sourcecode.c.h; path = "NSObject+MHObjectExtend.h"; sourceTree = "<group>"; };
		B00688221A3A97BE00038987 /* NSObject+MHObjectExtend.m */ = {isa = PBXFileReference; fileEncoding = 4; lastKnownFileType = sourcecode.c.objc; path = "NSObject+MHObjectExtend.m"; sourceTree = "<group>"; };
		B00688231A3A97BE00038987 /* NSString+JudgeIfEmpty.h */ = {isa = PBXFileReference; fileEncoding = 4; lastKnownFileType = sourcecode.c.h; path = "NSString+JudgeIfEmpty.h"; sourceTree = "<group>"; };
		B00688241A3A97BE00038987 /* NSString+JudgeIfEmpty.m */ = {isa = PBXFileReference; fileEncoding = 4; lastKnownFileType = sourcecode.c.objc; path = "NSString+JudgeIfEmpty.m"; sourceTree = "<group>"; };
		B00688251A3A97BE00038987 /* QHCommonUtil.h */ = {isa = PBXFileReference; fileEncoding = 4; lastKnownFileType = sourcecode.c.h; path = QHCommonUtil.h; sourceTree = "<group>"; };
		B00688261A3A97BE00038987 /* QHCommonUtil.m */ = {isa = PBXFileReference; fileEncoding = 4; lastKnownFileType = sourcecode.c.objc; path = QHCommonUtil.m; sourceTree = "<group>"; };
		B00688271A3A97BE00038987 /* SandboxFile.h */ = {isa = PBXFileReference; fileEncoding = 4; lastKnownFileType = sourcecode.c.h; path = SandboxFile.h; sourceTree = "<group>"; };
		B00688281A3A97BE00038987 /* SandboxFile.m */ = {isa = PBXFileReference; fileEncoding = 4; lastKnownFileType = sourcecode.c.objc; path = SandboxFile.m; sourceTree = "<group>"; };
		B00688291A3A97BE00038987 /* UIImage+ImageEffects.h */ = {isa = PBXFileReference; fileEncoding = 4; lastKnownFileType = sourcecode.c.h; path = "UIImage+ImageEffects.h"; sourceTree = "<group>"; };
		B006882A1A3A97BE00038987 /* UIImage+ImageEffects.m */ = {isa = PBXFileReference; fileEncoding = 4; lastKnownFileType = sourcecode.c.objc; path = "UIImage+ImageEffects.m"; sourceTree = "<group>"; };
		B006882B1A3A97BE00038987 /* UIImageView+LBBlurredImage.h */ = {isa = PBXFileReference; fileEncoding = 4; lastKnownFileType = sourcecode.c.h; path = "UIImageView+LBBlurredImage.h"; sourceTree = "<group>"; };
		B006882C1A3A97BE00038987 /* UIImageView+LBBlurredImage.m */ = {isa = PBXFileReference; fileEncoding = 4; lastKnownFileType = sourcecode.c.objc; path = "UIImageView+LBBlurredImage.m"; sourceTree = "<group>"; };
		B006882D1A3A97BE00038987 /* UIView+FindFirstResponder.h */ = {isa = PBXFileReference; fileEncoding = 4; lastKnownFileType = sourcecode.c.h; path = "UIView+FindFirstResponder.h"; sourceTree = "<group>"; };
		B006882E1A3A97BE00038987 /* UIView+FindFirstResponder.m */ = {isa = PBXFileReference; fileEncoding = 4; lastKnownFileType = sourcecode.c.objc; path = "UIView+FindFirstResponder.m"; sourceTree = "<group>"; };
		B006882F1A3A97BE00038987 /* UIView+NIBView.h */ = {isa = PBXFileReference; fileEncoding = 4; lastKnownFileType = sourcecode.c.h; path = "UIView+NIBView.h"; sourceTree = "<group>"; };
		B00688301A3A97BE00038987 /* UIView+NIBView.m */ = {isa = PBXFileReference; fileEncoding = 4; lastKnownFileType = sourcecode.c.objc; path = "UIView+NIBView.m"; sourceTree = "<group>"; };
		B00688311A3A97BE00038987 /* UIViewController+MHViewExtend.h */ = {isa = PBXFileReference; fileEncoding = 4; lastKnownFileType = sourcecode.c.h; path = "UIViewController+MHViewExtend.h"; sourceTree = "<group>"; };
		B00688321A3A97BE00038987 /* UIViewController+MHViewExtend.m */ = {isa = PBXFileReference; fileEncoding = 4; lastKnownFileType = sourcecode.c.objc; path = "UIViewController+MHViewExtend.m"; sourceTree = "<group>"; };
		B00688341A3A97BE00038987 /* MHMD5.h */ = {isa = PBXFileReference; fileEncoding = 4; lastKnownFileType = sourcecode.c.h; path = MHMD5.h; sourceTree = "<group>"; };
		B00688351A3A97BE00038987 /* MHMD5.m */ = {isa = PBXFileReference; fileEncoding = 4; lastKnownFileType = sourcecode.c.objc; path = MHMD5.m; sourceTree = "<group>"; };
		B00688361A3A97BE00038987 /* ParseTool.h */ = {isa = PBXFileReference; fileEncoding = 4; lastKnownFileType = sourcecode.c.h; path = ParseTool.h; sourceTree = "<group>"; };
		B00688371A3A97BE00038987 /* ParseTool.m */ = {isa = PBXFileReference; fileEncoding = 4; lastKnownFileType = sourcecode.c.objc; path = ParseTool.m; sourceTree = "<group>"; };
		B00688381A3A97BE00038987 /* TimeTool.h */ = {isa = PBXFileReference; fileEncoding = 4; lastKnownFileType = sourcecode.c.h; path = TimeTool.h; sourceTree = "<group>"; };
		B00688391A3A97BE00038987 /* TimeTool.m */ = {isa = PBXFileReference; fileEncoding = 4; lastKnownFileType = sourcecode.c.objc; path = TimeTool.m; sourceTree = "<group>"; };
		B006883C1A3A97BE00038987 /* GVUserDefaults.h */ = {isa = PBXFileReference; fileEncoding = 4; lastKnownFileType = sourcecode.c.h; path = GVUserDefaults.h; sourceTree = "<group>"; };
		B006883D1A3A97BE00038987 /* GVUserDefaults.m */ = {isa = PBXFileReference; fileEncoding = 4; lastKnownFileType = sourcecode.c.objc; path = GVUserDefaults.m; sourceTree = "<group>"; };
		B006883E1A3A97BE00038987 /* NSDictionary+Devil.h */ = {isa = PBXFileReference; fileEncoding = 4; lastKnownFileType = sourcecode.c.h; path = "NSDictionary+Devil.h"; sourceTree = "<group>"; };
		B006883F1A3A97BE00038987 /* NSDictionary+Devil.m */ = {isa = PBXFileReference; fileEncoding = 4; lastKnownFileType = sourcecode.c.objc; path = "NSDictionary+Devil.m"; sourceTree = "<group>"; };
		B00688401A3A97BE00038987 /* NSObject+ETAdditions.h */ = {isa = PBXFileReference; fileEncoding = 4; lastKnownFileType = sourcecode.c.h; path = "NSObject+ETAdditions.h"; sourceTree = "<group>"; };
		B00688411A3A97BE00038987 /* NSObject+ETAdditions.m */ = {isa = PBXFileReference; fileEncoding = 4; lastKnownFileType = sourcecode.c.objc; path = "NSObject+ETAdditions.m"; sourceTree = "<group>"; };
		B00688421A3A97BE00038987 /* NSStringAdditions.h */ = {isa = PBXFileReference; fileEncoding = 4; lastKnownFileType = sourcecode.c.h; path = NSStringAdditions.h; sourceTree = "<group>"; };
		B00688431A3A97BE00038987 /* NSStringAdditions.m */ = {isa = PBXFileReference; fileEncoding = 4; lastKnownFileType = sourcecode.c.objc; path = NSStringAdditions.m; sourceTree = "<group>"; };
		B00688441A3A97BE00038987 /* UIView+DevilUIView.h */ = {isa = PBXFileReference; fileEncoding = 4; lastKnownFileType = sourcecode.c.h; path = "UIView+DevilUIView.h"; sourceTree = "<group>"; };
		B00688451A3A97BE00038987 /* UIView+DevilUIView.m */ = {isa = PBXFileReference; fileEncoding = 4; lastKnownFileType = sourcecode.c.objc; path = "UIView+DevilUIView.m"; sourceTree = "<group>"; };
		B00688471A3A97BE00038987 /* BaseNSObject.h */ = {isa = PBXFileReference; fileEncoding = 4; lastKnownFileType = sourcecode.c.h; path = BaseNSObject.h; sourceTree = "<group>"; };
		B00688481A3A97BE00038987 /* BaseNSObject.m */ = {isa = PBXFileReference; fileEncoding = 4; lastKnownFileType = sourcecode.c.objc; path = BaseNSObject.m; sourceTree = "<group>"; };
		B00688491A3A97BE00038987 /* NSData+IJson.h */ = {isa = PBXFileReference; fileEncoding = 4; lastKnownFileType = sourcecode.c.h; path = "NSData+IJson.h"; sourceTree = "<group>"; };
		B006884A1A3A97BE00038987 /* NSData+IJson.m */ = {isa = PBXFileReference; fileEncoding = 4; lastKnownFileType = sourcecode.c.objc; path = "NSData+IJson.m"; sourceTree = "<group>"; };
		B006884B1A3A97BE00038987 /* NSString+IJson.h */ = {isa = PBXFileReference; fileEncoding = 4; lastKnownFileType = sourcecode.c.h; path = "NSString+IJson.h"; sourceTree = "<group>"; };
		B006884C1A3A97BE00038987 /* NSString+IJson.m */ = {isa = PBXFileReference; fileEncoding = 4; lastKnownFileType = sourcecode.c.objc; path = "NSString+IJson.m"; sourceTree = "<group>"; };
		B006884E1A3A97BE00038987 /* MJRefresh.bundle */ = {isa = PBXFileReference; lastKnownFileType = "wrapper.plug-in"; path = MJRefresh.bundle; sourceTree = "<group>"; };
		B006884F1A3A97BE00038987 /* MJRefresh.h */ = {isa = PBXFileReference; fileEncoding = 4; lastKnownFileType = sourcecode.c.h; path = MJRefresh.h; sourceTree = "<group>"; };
		B00688501A3A97BE00038987 /* MJRefreshBaseView.h */ = {isa = PBXFileReference; fileEncoding = 4; lastKnownFileType = sourcecode.c.h; path = MJRefreshBaseView.h; sourceTree = "<group>"; };
		B00688511A3A97BE00038987 /* MJRefreshBaseView.m */ = {isa = PBXFileReference; fileEncoding = 4; lastKnownFileType = sourcecode.c.objc; path = MJRefreshBaseView.m; sourceTree = "<group>"; };
		B00688521A3A97BE00038987 /* MJRefreshConst.h */ = {isa = PBXFileReference; fileEncoding = 4; lastKnownFileType = sourcecode.c.h; path = MJRefreshConst.h; sourceTree = "<group>"; };
		B00688531A3A97BE00038987 /* MJRefreshConst.m */ = {isa = PBXFileReference; fileEncoding = 4; lastKnownFileType = sourcecode.c.objc; path = MJRefreshConst.m; sourceTree = "<group>"; };
		B00688541A3A97BE00038987 /* MJRefreshFooterView.h */ = {isa = PBXFileReference; fileEncoding = 4; lastKnownFileType = sourcecode.c.h; path = MJRefreshFooterView.h; sourceTree = "<group>"; };
		B00688551A3A97BE00038987 /* MJRefreshFooterView.m */ = {isa = PBXFileReference; fileEncoding = 4; lastKnownFileType = sourcecode.c.objc; path = MJRefreshFooterView.m; sourceTree = "<group>"; };
		B00688561A3A97BE00038987 /* MJRefreshHeaderView.h */ = {isa = PBXFileReference; fileEncoding = 4; lastKnownFileType = sourcecode.c.h; path = MJRefreshHeaderView.h; sourceTree = "<group>"; };
		B00688571A3A97BE00038987 /* MJRefreshHeaderView.m */ = {isa = PBXFileReference; fileEncoding = 4; lastKnownFileType = sourcecode.c.objc; path = MJRefreshHeaderView.m; sourceTree = "<group>"; };
		B00688591A3A97BE00038987 /* XLCycleScrollView.h */ = {isa = PBXFileReference; fileEncoding = 4; lastKnownFileType = sourcecode.c.h; path = XLCycleScrollView.h; sourceTree = "<group>"; };
		B006885A1A3A97BE00038987 /* XLCycleScrollView.m */ = {isa = PBXFileReference; fileEncoding = 4; lastKnownFileType = sourcecode.c.objc; path = XLCycleScrollView.m; sourceTree = "<group>"; };
		B006885C1A3A97BE00038987 /* YRSideViewController.h */ = {isa = PBXFileReference; fileEncoding = 4; lastKnownFileType = sourcecode.c.h; path = YRSideViewController.h; sourceTree = "<group>"; };
		B006885D1A3A97BE00038987 /* YRSideViewController.m */ = {isa = PBXFileReference; fileEncoding = 4; lastKnownFileType = sourcecode.c.objc; path = YRSideViewController.m; sourceTree = "<group>"; };
		B006885F1A3A97BE00038987 /* MHButton.h */ = {isa = PBXFileReference; fileEncoding = 4; lastKnownFileType = sourcecode.c.h; path = MHButton.h; sourceTree = "<group>"; };
		B00688601A3A97BE00038987 /* MHButton.m */ = {isa = PBXFileReference; fileEncoding = 4; lastKnownFileType = sourcecode.c.objc; path = MHButton.m; sourceTree = "<group>"; };
		B006889E1A3A992400038987 /* TestProtocol.h */ = {isa = PBXFileReference; fileEncoding = 4; lastKnownFileType = sourcecode.c.h; path = TestProtocol.h; sourceTree = "<group>"; };
		B006889F1A3AA0F400038987 /* Default-568h@2x.png */ = {isa = PBXFileReference; lastKnownFileType = image.png; name = "Default-568h@2x.png"; path = "../Default-568h@2x.png"; sourceTree = "<group>"; };
		B00688A41A3AD49400038987 /* NSArray+MHJson.h */ = {isa = PBXFileReference; fileEncoding = 4; lastKnownFileType = sourcecode.c.h; path = "NSArray+MHJson.h"; sourceTree = "<group>"; };
		B00688A51A3AD49400038987 /* NSArray+MHJson.m */ = {isa = PBXFileReference; fileEncoding = 4; lastKnownFileType = sourcecode.c.objc; path = "NSArray+MHJson.m"; sourceTree = "<group>"; };
		B00688A71A3AD4A700038987 /* NSDictionary+MHJson.h */ = {isa = PBXFileReference; fileEncoding = 4; lastKnownFileType = sourcecode.c.h; path = "NSDictionary+MHJson.h"; sourceTree = "<group>"; };
		B00688A81A3AD4A700038987 /* NSDictionary+MHJson.m */ = {isa = PBXFileReference; fileEncoding = 4; lastKnownFileType = sourcecode.c.objc; path = "NSDictionary+MHJson.m"; sourceTree = "<group>"; };
		B02C04F71A1CAB7400305193 /* MHAgileFramework.app */ = {isa = PBXFileReference; explicitFileType = wrapper.application; includeInIndex = 0; path = MHAgileFramework.app; sourceTree = BUILT_PRODUCTS_DIR; };
		B02C04FB1A1CAB7400305193 /* Info.plist */ = {isa = PBXFileReference; lastKnownFileType = text.plist.xml; path = Info.plist; sourceTree = "<group>"; };
		B02C04FC1A1CAB7400305193 /* main.m */ = {isa = PBXFileReference; lastKnownFileType = sourcecode.c.objc; path = main.m; sourceTree = "<group>"; };
		B02C04FE1A1CAB7400305193 /* AppDelegate.h */ = {isa = PBXFileReference; lastKnownFileType = sourcecode.c.h; path = AppDelegate.h; sourceTree = "<group>"; };
		B02C04FF1A1CAB7400305193 /* AppDelegate.m */ = {isa = PBXFileReference; lastKnownFileType = sourcecode.c.objc; path = AppDelegate.m; sourceTree = "<group>"; };
		B02C05021A1CAB7400305193 /* MHAgileFramework.xcdatamodel */ = {isa = PBXFileReference; lastKnownFileType = wrapper.xcdatamodel; path = MHAgileFramework.xcdatamodel; sourceTree = "<group>"; };
		B02C050A1A1CAB7400305193 /* Images.xcassets */ = {isa = PBXFileReference; lastKnownFileType = folder.assetcatalog; path = Images.xcassets; sourceTree = "<group>"; };
		B02C05131A1CAB7400305193 /* MHAgileFrameworkTests.xctest */ = {isa = PBXFileReference; explicitFileType = wrapper.cfbundle; includeInIndex = 0; path = MHAgileFrameworkTests.xctest; sourceTree = BUILT_PRODUCTS_DIR; };
		B02C05181A1CAB7400305193 /* Info.plist */ = {isa = PBXFileReference; lastKnownFileType = text.plist.xml; path = Info.plist; sourceTree = "<group>"; };
		B02C05191A1CAB7400305193 /* MHAgileFrameworkTests.m */ = {isa = PBXFileReference; lastKnownFileType = sourcecode.c.objc; path = MHAgileFrameworkTests.m; sourceTree = "<group>"; };
		B02C05B71A1DC59900305193 /* MHPrefixHeader.pch */ = {isa = PBXFileReference; fileEncoding = 4; lastKnownFileType = sourcecode.c.h; path = MHPrefixHeader.pch; sourceTree = "<group>"; };
		B0364BCC1A3EC4800058CDE8 /* MHElementModel.h */ = {isa = PBXFileReference; fileEncoding = 4; lastKnownFileType = sourcecode.c.h; path = MHElementModel.h; sourceTree = "<group>"; };
		B0364BCD1A3EC4800058CDE8 /* MHElementModel.m */ = {isa = PBXFileReference; fileEncoding = 4; lastKnownFileType = sourcecode.c.objc; path = MHElementModel.m; sourceTree = "<group>"; };
		B0F792131A24996A00D1FAFB /* Note */ = {isa = PBXFileReference; fileEncoding = 4; lastKnownFileType = text; path = Note; sourceTree = "<group>"; };
/* End PBXFileReference section */

/* Begin PBXFrameworksBuildPhase section */
		B02C04F41A1CAB7400305193 /* Frameworks */ = {
			isa = PBXFrameworksBuildPhase;
			buildActionMask = 2147483647;
			files = (
				8B1596025648C1B94614AB89 /* libPods.a in Frameworks */,
			);
			runOnlyForDeploymentPostprocessing = 0;
		};
		B02C05101A1CAB7400305193 /* Frameworks */ = {
			isa = PBXFrameworksBuildPhase;
			buildActionMask = 2147483647;
			files = (
			);
			runOnlyForDeploymentPostprocessing = 0;
		};
/* End PBXFrameworksBuildPhase section */

/* Begin PBXGroup section */
		B00687D91A3A97BE00038987 /* MHFramework v1.0.0 */ = {
			isa = PBXGroup;
			children = (
				B00687EF1A3A97BE00038987 /* Define */,
				B00687EA1A3A97BE00038987 /* DAO */,
				B00687F31A3A97BE00038987 /* Manager */,
				B00688121A3A97BE00038987 /* Base */,
				B00687FC1A3A97BE00038987 /* Model */,
				B00687DA1A3A97BE00038987 /* Controller */,
				B006885E1A3A97BE00038987 /* View */,
				B00688191A3A97BE00038987 /* Util */,
				B006883A1A3A97BE00038987 /* Vendor */,
				B00688091A3A97BE00038987 /* Resource */,
			);
			name = "MHFramework v1.0.0";
			path = "../MHFramework v1.0.0";
			sourceTree = "<group>";
		};
		B00687DA1A3A97BE00038987 /* Controller */ = {
			isa = PBXGroup;
			children = (
				B00687E81A3A97BE00038987 /* MHRootViewController.h */,
				B00687E91A3A97BE00038987 /* MHRootViewController.m */,
				B00687E31A3A97BE00038987 /* MHResumeViewController.h */,
				B00687E41A3A97BE00038987 /* MHResumeViewController.m */,
				B00687DB1A3A97BE00038987 /* MHDownloadJsonDataViewController.h */,
				B00687DC1A3A97BE00038987 /* MHDownloadJsonDataViewController.m */,
			);
			path = Controller;
			sourceTree = "<group>";
		};
		B00687EA1A3A97BE00038987 /* DAO */ = {
			isa = PBXGroup;
			children = (
				B00687EB1A3A97BE00038987 /* MHBaseDAO.h */,
				B00687EC1A3A97BE00038987 /* MHBaseDAO.m */,
				B00687ED1A3A97BE00038987 /* MHDataBaseDAO.h */,
				B00687EE1A3A97BE00038987 /* MHDataBaseDAO.m */,
			);
			path = DAO;
			sourceTree = "<group>";
		};
		B00687EF1A3A97BE00038987 /* Define */ = {
			isa = PBXGroup;
			children = (
				B00687F01A3A97BE00038987 /* MHCommonDef.h */,
				B00687F11A3A97BE00038987 /* MHCommonURL.h */,
				B00687F21A3A97BE00038987 /* MHInterface.h */,
			);
			path = Define;
			sourceTree = "<group>";
		};
		B00687F31A3A97BE00038987 /* Manager */ = {
			isa = PBXGroup;
			children = (
				B00687F41A3A97BE00038987 /* MHAFNetworkingManager.h */,
				B00687F51A3A97BE00038987 /* MHAFNetworkingManager.m */,
				B00687F61A3A97BE00038987 /* MHDownloadHelper.h */,
				B00687F71A3A97BE00038987 /* MHDownloadHelper.m */,
				B00687F81A3A97BE00038987 /* MHFMDBManager.h */,
				B00687F91A3A97BE00038987 /* MHFMDBManager.m */,
				B00687FA1A3A97BE00038987 /* MHSlidingManager.h */,
				B00687FB1A3A97BE00038987 /* MHSlidingManager.m */,
			);
			path = Manager;
			sourceTree = "<group>";
		};
		B00687FC1A3A97BE00038987 /* Model */ = {
			isa = PBXGroup;
			children = (
				B0364BD01A3ED95F0058CDE8 /* Base */,
				B00688051A3A97BE00038987 /* MHJsonModel.h */,
				B00688061A3A97BE00038987 /* MHJsonModel.m */,
				B0364BCC1A3EC4800058CDE8 /* MHElementModel.h */,
				B0364BCD1A3EC4800058CDE8 /* MHElementModel.m */,
				B00688071A3A97BE00038987 /* MHUserInfo.h */,
				B00688081A3A97BE00038987 /* MHUserInfo.m */,
			);
			path = Model;
			sourceTree = "<group>";
		};
		B00688091A3A97BE00038987 /* Resource */ = {
			isa = PBXGroup;
			children = (
				B006880A1A3A97BE00038987 /* HTML_CSS */,
				B006880E1A3A97BE00038987 /* ImageSource */,
			);
			path = Resource;
			sourceTree = "<group>";
		};
		B006880A1A3A97BE00038987 /* HTML_CSS */ = {
			isa = PBXGroup;
			children = (
				B006880B1A3A97BE00038987 /* profundity_content.css */,
				B006880C1A3A97BE00038987 /* profundity_content.js */,
				B006880D1A3A97BE00038987 /* profundity_content_template.html */,
			);
			path = HTML_CSS;
			sourceTree = "<group>";
		};
		B006880E1A3A97BE00038987 /* ImageSource */ = {
			isa = PBXGroup;
			children = (
				B006880F1A3A97BE00038987 /* NavigationBar */,
			);
			path = ImageSource;
			sourceTree = "<group>";
		};
		B006880F1A3A97BE00038987 /* NavigationBar */ = {
			isa = PBXGroup;
			children = (
				B00688101A3A97BE00038987 /* navi_btn_left@2x.png */,
				B00688111A3A97BE00038987 /* navi_btn_right@2x.png */,
			);
			path = NavigationBar;
			sourceTree = "<group>";
		};
		B00688121A3A97BE00038987 /* Base */ = {
			isa = PBXGroup;
			children = (
				B00688131A3A97BE00038987 /* MHBaseTableViewController.h */,
				B00688141A3A97BE00038987 /* MHBaseTableViewController.m */,
				B00688151A3A97BE00038987 /* MHBaseViewController+NavigationBar.h */,
				B00688161A3A97BE00038987 /* MHBaseViewController+NavigationBar.m */,
				B00688171A3A97BE00038987 /* MHBaseViewController.h */,
				B00688181A3A97BE00038987 /* MHBaseViewController.m */,
			);
			name = Base;
			path = UIBaseVC;
			sourceTree = "<group>";
		};
		B00688191A3A97BE00038987 /* Util */ = {
			isa = PBXGroup;
			children = (
				B006881A1A3A97BE00038987 /* Extend */,
				B00688331A3A97BE00038987 /* Obj */,
			);
			path = Util;
			sourceTree = "<group>";
		};
		B006881A1A3A97BE00038987 /* Extend */ = {
			isa = PBXGroup;
			children = (
				B006881B1A3A97BE00038987 /* AFHTTPRequestOperation+TaskInfo.h */,
				B006881C1A3A97BE00038987 /* AFHTTPRequestOperation+TaskInfo.m */,
				B006881D1A3A97BE00038987 /* NSMutableArray+AddObject.h */,
				B006881E1A3A97BE00038987 /* NSMutableArray+AddObject.m */,
				B006881F1A3A97BE00038987 /* NSObject+GetPropertys.h */,
				B00688201A3A97BE00038987 /* NSObject+GetPropertys.m */,
				B00688211A3A97BE00038987 /* NSObject+MHObjectExtend.h */,
				B00688221A3A97BE00038987 /* NSObject+MHObjectExtend.m */,
				B00688231A3A97BE00038987 /* NSString+JudgeIfEmpty.h */,
				B00688241A3A97BE00038987 /* NSString+JudgeIfEmpty.m */,
				B00688251A3A97BE00038987 /* QHCommonUtil.h */,
				B00688261A3A97BE00038987 /* QHCommonUtil.m */,
				B00688271A3A97BE00038987 /* SandboxFile.h */,
				B00688281A3A97BE00038987 /* SandboxFile.m */,
				B00688291A3A97BE00038987 /* UIImage+ImageEffects.h */,
				B006882A1A3A97BE00038987 /* UIImage+ImageEffects.m */,
				B006882B1A3A97BE00038987 /* UIImageView+LBBlurredImage.h */,
				B006882C1A3A97BE00038987 /* UIImageView+LBBlurredImage.m */,
				B006882D1A3A97BE00038987 /* UIView+FindFirstResponder.h */,
				B006882E1A3A97BE00038987 /* UIView+FindFirstResponder.m */,
				B006882F1A3A97BE00038987 /* UIView+NIBView.h */,
				B00688301A3A97BE00038987 /* UIView+NIBView.m */,
				B00688311A3A97BE00038987 /* UIViewController+MHViewExtend.h */,
				B00688321A3A97BE00038987 /* UIViewController+MHViewExtend.m */,
			);
			path = Extend;
			sourceTree = "<group>";
		};
		B00688331A3A97BE00038987 /* Obj */ = {
			isa = PBXGroup;
			children = (
				B00688341A3A97BE00038987 /* MHMD5.h */,
				B00688351A3A97BE00038987 /* MHMD5.m */,
				B00688361A3A97BE00038987 /* ParseTool.h */,
				B00688371A3A97BE00038987 /* ParseTool.m */,
				B00688381A3A97BE00038987 /* TimeTool.h */,
				B00688391A3A97BE00038987 /* TimeTool.m */,
			);
			path = Obj;
			sourceTree = "<group>";
		};
		B006883A1A3A97BE00038987 /* Vendor */ = {
			isa = PBXGroup;
			children = (
				B006883B1A3A97BE00038987 /* Category */,
				B00688461A3A97BE00038987 /* JsonToNSObject */,
				B006884D1A3A97BE00038987 /* MJRefresh */,
				B00688581A3A97BE00038987 /* XLCycleScrollView */,
				B006885B1A3A97BE00038987 /* YRSideViewController */,
			);
			path = Vendor;
			sourceTree = "<group>";
		};
		B006883B1A3A97BE00038987 /* Category */ = {
			isa = PBXGroup;
			children = (
				B006883C1A3A97BE00038987 /* GVUserDefaults.h */,
				B006883D1A3A97BE00038987 /* GVUserDefaults.m */,
				B006883E1A3A97BE00038987 /* NSDictionary+Devil.h */,
				B006883F1A3A97BE00038987 /* NSDictionary+Devil.m */,
				B00688401A3A97BE00038987 /* NSObject+ETAdditions.h */,
				B00688411A3A97BE00038987 /* NSObject+ETAdditions.m */,
				B00688421A3A97BE00038987 /* NSStringAdditions.h */,
				B00688431A3A97BE00038987 /* NSStringAdditions.m */,
				B00688441A3A97BE00038987 /* UIView+DevilUIView.h */,
				B00688451A3A97BE00038987 /* UIView+DevilUIView.m */,
			);
			path = Category;
			sourceTree = "<group>";
		};
		B00688461A3A97BE00038987 /* JsonToNSObject */ = {
			isa = PBXGroup;
			children = (
				B00688471A3A97BE00038987 /* BaseNSObject.h */,
				B00688481A3A97BE00038987 /* BaseNSObject.m */,
				B00688491A3A97BE00038987 /* NSData+IJson.h */,
				B006884A1A3A97BE00038987 /* NSData+IJson.m */,
				B006884B1A3A97BE00038987 /* NSString+IJson.h */,
				B006884C1A3A97BE00038987 /* NSString+IJson.m */,
				B00688A41A3AD49400038987 /* NSArray+MHJson.h */,
				B00688A51A3AD49400038987 /* NSArray+MHJson.m */,
				B00688A71A3AD4A700038987 /* NSDictionary+MHJson.h */,
				B00688A81A3AD4A700038987 /* NSDictionary+MHJson.m */,
				B00688031A3A97BE00038987 /* MHJsonDataSource.h */,
				B00688041A3A97BE00038987 /* MHJsonDataSource.m */,
			);
			path = JsonToNSObject;
			sourceTree = "<group>";
		};
		B006884D1A3A97BE00038987 /* MJRefresh */ = {
			isa = PBXGroup;
			children = (
				B006884E1A3A97BE00038987 /* MJRefresh.bundle */,
				B006884F1A3A97BE00038987 /* MJRefresh.h */,
				B00688501A3A97BE00038987 /* MJRefreshBaseView.h */,
				B00688511A3A97BE00038987 /* MJRefreshBaseView.m */,
				B00688521A3A97BE00038987 /* MJRefreshConst.h */,
				B00688531A3A97BE00038987 /* MJRefreshConst.m */,
				B00688541A3A97BE00038987 /* MJRefreshFooterView.h */,
				B00688551A3A97BE00038987 /* MJRefreshFooterView.m */,
				B00688561A3A97BE00038987 /* MJRefreshHeaderView.h */,
				B00688571A3A97BE00038987 /* MJRefreshHeaderView.m */,
			);
			path = MJRefresh;
			sourceTree = "<group>";
		};
		B00688581A3A97BE00038987 /* XLCycleScrollView */ = {
			isa = PBXGroup;
			children = (
				B00688591A3A97BE00038987 /* XLCycleScrollView.h */,
				B006885A1A3A97BE00038987 /* XLCycleScrollView.m */,
			);
			path = XLCycleScrollView;
			sourceTree = "<group>";
		};
		B006885B1A3A97BE00038987 /* YRSideViewController */ = {
			isa = PBXGroup;
			children = (
				B006885C1A3A97BE00038987 /* YRSideViewController.h */,
				B006885D1A3A97BE00038987 /* YRSideViewController.m */,
			);
			path = YRSideViewController;
			sourceTree = "<group>";
		};
		B006885E1A3A97BE00038987 /* View */ = {
			isa = PBXGroup;
			children = (
				B006885F1A3A97BE00038987 /* MHButton.h */,
				B00688601A3A97BE00038987 /* MHButton.m */,
			);
			path = View;
			sourceTree = "<group>";
		};
		B02C04EE1A1CAB7400305193 = {
			isa = PBXGroup;
			children = (
				B0F792131A24996A00D1FAFB /* Note */,
				B02C04F91A1CAB7400305193 /* MHAgileFramework */,
				B02C05161A1CAB7400305193 /* MHAgileFrameworkTests */,
				B02C04F81A1CAB7400305193 /* Products */,
				EFC1FE473386FA65A246EBC9 /* Pods */,
				C0DF8EA4A793838B246EA3ED /* Frameworks */,
			);
			sourceTree = "<group>";
		};
		B02C04F81A1CAB7400305193 /* Products */ = {
			isa = PBXGroup;
			children = (
				B02C04F71A1CAB7400305193 /* MHAgileFramework.app */,
				B02C05131A1CAB7400305193 /* MHAgileFrameworkTests.xctest */,
			);
			name = Products;
			sourceTree = "<group>";
		};
		B02C04F91A1CAB7400305193 /* MHAgileFramework */ = {
			isa = PBXGroup;
			children = (
				B00687D91A3A97BE00038987 /* MHFramework v1.0.0 */,
				B02C04FE1A1CAB7400305193 /* AppDelegate.h */,
				B02C04FF1A1CAB7400305193 /* AppDelegate.m */,
				B02C04FA1A1CAB7400305193 /* Supporting Files */,
			);
			path = MHAgileFramework;
			sourceTree = "<group>";
		};
		B02C04FA1A1CAB7400305193 /* Supporting Files */ = {
			isa = PBXGroup;
			children = (
				B006889F1A3AA0F400038987 /* Default-568h@2x.png */,
				B006889E1A3A992400038987 /* TestProtocol.h */,
				B02C05B71A1DC59900305193 /* MHPrefixHeader.pch */,
				B02C050A1A1CAB7400305193 /* Images.xcassets */,
				B02C05011A1CAB7400305193 /* MHAgileFramework.xcdatamodeld */,
				B02C04FB1A1CAB7400305193 /* Info.plist */,
				B02C04FC1A1CAB7400305193 /* main.m */,
			);
			name = "Supporting Files";
			sourceTree = "<group>";
		};
		B02C05161A1CAB7400305193 /* MHAgileFrameworkTests */ = {
			isa = PBXGroup;
			children = (
				B02C05191A1CAB7400305193 /* MHAgileFrameworkTests.m */,
				B02C05171A1CAB7400305193 /* Supporting Files */,
			);
			path = MHAgileFrameworkTests;
			sourceTree = "<group>";
		};
		B02C05171A1CAB7400305193 /* Supporting Files */ = {
			isa = PBXGroup;
			children = (
				B02C05181A1CAB7400305193 /* Info.plist */,
			);
			name = "Supporting Files";
			sourceTree = "<group>";
		};
		B0364BD01A3ED95F0058CDE8 /* Base */ = {
			isa = PBXGroup;
			children = (
				B00687FF1A3A97BE00038987 /* MHBaseObject.h */,
				B00688001A3A97BE00038987 /* MHBaseObject.m */,
				B00687FD1A3A97BE00038987 /* MHBaseModel.h */,
				B00687FE1A3A97BE00038987 /* MHBaseModel.m */,
			);
			name = Base;
			sourceTree = "<group>";
		};
		C0DF8EA4A793838B246EA3ED /* Frameworks */ = {
			isa = PBXGroup;
			children = (
				94E92288E7E0AD966A26ACB2 /* libPods.a */,
			);
			name = Frameworks;
			sourceTree = "<group>";
		};
		EFC1FE473386FA65A246EBC9 /* Pods */ = {
			isa = PBXGroup;
			children = (
				165541709DDCBC5C8F84B9A8 /* Pods.debug.xcconfig */,
				29CA0C15026F2E8B4630F296 /* Pods.release.xcconfig */,
			);
			name = Pods;
			sourceTree = "<group>";
		};
/* End PBXGroup section */

/* Begin PBXNativeTarget section */
		B02C04F61A1CAB7400305193 /* MHAgileFramework */ = {
			isa = PBXNativeTarget;
			buildConfigurationList = B02C051D1A1CAB7400305193 /* Build configuration list for PBXNativeTarget "MHAgileFramework" */;
			buildPhases = (
				1269B287B2028ADF1A5D8B2F /* Check Pods Manifest.lock */,
				B02C04F31A1CAB7400305193 /* Sources */,
				B02C04F41A1CAB7400305193 /* Frameworks */,
				B02C04F51A1CAB7400305193 /* Resources */,
				71480B7066C912E38F5F4FD7 /* Copy Pods Resources */,
			);
			buildRules = (
			);
			dependencies = (
			);
			name = MHAgileFramework;
			productName = MHAgileFramework;
			productReference = B02C04F71A1CAB7400305193 /* MHAgileFramework.app */;
			productType = "com.apple.product-type.application";
		};
		B02C05121A1CAB7400305193 /* MHAgileFrameworkTests */ = {
			isa = PBXNativeTarget;
			buildConfigurationList = B02C05201A1CAB7400305193 /* Build configuration list for PBXNativeTarget "MHAgileFrameworkTests" */;
			buildPhases = (
				B02C050F1A1CAB7400305193 /* Sources */,
				B02C05101A1CAB7400305193 /* Frameworks */,
				B02C05111A1CAB7400305193 /* Resources */,
			);
			buildRules = (
			);
			dependencies = (
				B02C05151A1CAB7400305193 /* PBXTargetDependency */,
			);
			name = MHAgileFrameworkTests;
			productName = MHAgileFrameworkTests;
			productReference = B02C05131A1CAB7400305193 /* MHAgileFrameworkTests.xctest */;
			productType = "com.apple.product-type.bundle.unit-test";
		};
/* End PBXNativeTarget section */

/* Begin PBXProject section */
		B02C04EF1A1CAB7400305193 /* Project object */ = {
			isa = PBXProject;
			attributes = {
				LastUpgradeCheck = 0610;
				ORGANIZATIONNAME = "Steven Nelson";
				TargetAttributes = {
					B02C04F61A1CAB7400305193 = {
						CreatedOnToolsVersion = 6.1;
					};
					B02C05121A1CAB7400305193 = {
						CreatedOnToolsVersion = 6.1;
						TestTargetID = B02C04F61A1CAB7400305193;
					};
				};
			};
			buildConfigurationList = B02C04F21A1CAB7400305193 /* Build configuration list for PBXProject "MHAgileFramework" */;
			compatibilityVersion = "Xcode 3.2";
			developmentRegion = English;
			hasScannedForEncodings = 0;
			knownRegions = (
				en,
				Base,
			);
			mainGroup = B02C04EE1A1CAB7400305193;
			productRefGroup = B02C04F81A1CAB7400305193 /* Products */;
			projectDirPath = "";
			projectRoot = "";
			targets = (
				B02C04F61A1CAB7400305193 /* MHAgileFramework */,
				B02C05121A1CAB7400305193 /* MHAgileFrameworkTests */,
			);
		};
/* End PBXProject section */

/* Begin PBXResourcesBuildPhase section */
		B02C04F51A1CAB7400305193 /* Resources */ = {
			isa = PBXResourcesBuildPhase;
			buildActionMask = 2147483647;
			files = (
				B006887A1A3A97BE00038987 /* navi_btn_right@2x.png in Resources */,
				B0F792141A24996A00D1FAFB /* Note in Resources */,
				B00688951A3A97BE00038987 /* MJRefresh.bundle in Resources */,
				B00688A01A3AA0F400038987 /* Default-568h@2x.png in Resources */,
				B00688761A3A97BE00038987 /* profundity_content.css in Resources */,
				B02C050B1A1CAB7400305193 /* Images.xcassets in Resources */,
				B00688791A3A97BE00038987 /* navi_btn_left@2x.png in Resources */,
				B00688771A3A97BE00038987 /* profundity_content.js in Resources */,
				B00688781A3A97BE00038987 /* profundity_content_template.html in Resources */,
			);
			runOnlyForDeploymentPostprocessing = 0;
		};
		B02C05111A1CAB7400305193 /* Resources */ = {
			isa = PBXResourcesBuildPhase;
			buildActionMask = 2147483647;
			files = (
			);
			runOnlyForDeploymentPostprocessing = 0;
		};
/* End PBXResourcesBuildPhase section */

/* Begin PBXShellScriptBuildPhase section */
		1269B287B2028ADF1A5D8B2F /* Check Pods Manifest.lock */ = {
			isa = PBXShellScriptBuildPhase;
			buildActionMask = 2147483647;
			files = (
			);
			inputPaths = (
			);
			name = "Check Pods Manifest.lock";
			outputPaths = (
			);
			runOnlyForDeploymentPostprocessing = 0;
			shellPath = /bin/sh;
			shellScript = "diff \"${PODS_ROOT}/../Podfile.lock\" \"${PODS_ROOT}/Manifest.lock\" > /dev/null\nif [[ $? != 0 ]] ; then\n    cat << EOM\nerror: The sandbox is not in sync with the Podfile.lock. Run 'pod install' or update your CocoaPods installation.\nEOM\n    exit 1\nfi\n";
			showEnvVarsInLog = 0;
		};
		71480B7066C912E38F5F4FD7 /* Copy Pods Resources */ = {
			isa = PBXShellScriptBuildPhase;
			buildActionMask = 2147483647;
			files = (
			);
			inputPaths = (
			);
			name = "Copy Pods Resources";
			outputPaths = (
			);
			runOnlyForDeploymentPostprocessing = 0;
			shellPath = /bin/sh;
			shellScript = "\"${SRCROOT}/Pods/Target Support Files/Pods/Pods-resources.sh\"\n";
			showEnvVarsInLog = 0;
		};
/* End PBXShellScriptBuildPhase section */

/* Begin PBXSourcesBuildPhase section */
		B02C04F31A1CAB7400305193 /* Sources */ = {
			isa = PBXSourcesBuildPhase;
			buildActionMask = 2147483647;
			files = (
				B00688661A3A97BE00038987 /* MHResumeViewController.m in Sources */,
				B00688A91A3AD4A700038987 /* NSDictionary+MHJson.m in Sources */,
				B00688801A3A97BE00038987 /* NSObject+GetPropertys.m in Sources */,
				B006888C1A3A97BE00038987 /* TimeTool.m in Sources */,
				B02C05031A1CAB7400305193 /* MHAgileFramework.xcdatamodeld in Sources */,
				B00688921A3A97BE00038987 /* BaseNSObject.m in Sources */,
				B00688811A3A97BE00038987 /* NSObject+MHObjectExtend.m in Sources */,
				B006886C1A3A97BE00038987 /* MHAFNetworkingManager.m in Sources */,
				B00688731A3A97BE00038987 /* MHJsonDataSource.m in Sources */,
				B006886E1A3A97BE00038987 /* MHFMDBManager.m in Sources */,
				B006888B1A3A97BE00038987 /* ParseTool.m in Sources */,
				B006888F1A3A97BE00038987 /* NSObject+ETAdditions.m in Sources */,
				B02C05001A1CAB7400305193 /* AppDelegate.m in Sources */,
				B006886A1A3A97BE00038987 /* MHBaseDAO.m in Sources */,
				B00688711A3A97BE00038987 /* MHBaseObject.m in Sources */,
				B006887F1A3A97BE00038987 /* NSMutableArray+AddObject.m in Sources */,
				B006888A1A3A97BE00038987 /* MHMD5.m in Sources */,
				B006889A1A3A97BE00038987 /* XLCycleScrollView.m in Sources */,
				B006886B1A3A97BE00038987 /* MHDataBaseDAO.m in Sources */,
				B00688901A3A97BE00038987 /* NSStringAdditions.m in Sources */,
				B006886F1A3A97BE00038987 /* MHSlidingManager.m in Sources */,
				B006886D1A3A97BE00038987 /* MHDownloadHelper.m in Sources */,
				B006887B1A3A97BE00038987 /* MHBaseTableViewController.m in Sources */,
				B0364BCE1A3EC4800058CDE8 /* MHElementModel.m in Sources */,
				B006887D1A3A97BE00038987 /* MHBaseViewController.m in Sources */,
				B00688861A3A97BE00038987 /* UIImageView+LBBlurredImage.m in Sources */,
				B00688971A3A97BE00038987 /* MJRefreshConst.m in Sources */,
				B00688691A3A97BE00038987 /* MHRootViewController.m in Sources */,
				B00688881A3A97BE00038987 /* UIView+NIBView.m in Sources */,
				B006887C1A3A97BE00038987 /* MHBaseViewController+NavigationBar.m in Sources */,
				B006887E1A3A97BE00038987 /* AFHTTPRequestOperation+TaskInfo.m in Sources */,
				B006889C1A3A97BE00038987 /* MHButton.m in Sources */,
				B00688741A3A97BE00038987 /* MHJsonModel.m in Sources */,
				B00688831A3A97BE00038987 /* QHCommonUtil.m in Sources */,
				B00688961A3A97BE00038987 /* MJRefreshBaseView.m in Sources */,
				B006888D1A3A97BE00038987 /* GVUserDefaults.m in Sources */,
				B00688841A3A97BE00038987 /* SandboxFile.m in Sources */,
				B00688941A3A97BE00038987 /* NSString+IJson.m in Sources */,
				B00688751A3A97BE00038987 /* MHUserInfo.m in Sources */,
				B006889B1A3A97BE00038987 /* YRSideViewController.m in Sources */,
				B00688911A3A97BE00038987 /* UIView+DevilUIView.m in Sources */,
				B00688851A3A97BE00038987 /* UIImage+ImageEffects.m in Sources */,
				B00688A61A3AD49400038987 /* NSArray+MHJson.m in Sources */,
				B00688821A3A97BE00038987 /* NSString+JudgeIfEmpty.m in Sources */,
				B00688871A3A97BE00038987 /* UIView+FindFirstResponder.m in Sources */,
				B00688981A3A97BE00038987 /* MJRefreshFooterView.m in Sources */,
				B00688611A3A97BE00038987 /* MHDownloadJsonDataViewController.m in Sources */,
				B006888E1A3A97BE00038987 /* NSDictionary+Devil.m in Sources */,
				B00688701A3A97BE00038987 /* MHBaseModel.m in Sources */,
				B00688931A3A97BE00038987 /* NSData+IJson.m in Sources */,
				B02C04FD1A1CAB7400305193 /* main.m in Sources */,
				B00688991A3A97BE00038987 /* MJRefreshHeaderView.m in Sources */,
				B00688891A3A97BE00038987 /* UIViewController+MHViewExtend.m in Sources */,
			);
			runOnlyForDeploymentPostprocessing = 0;
		};
		B02C050F1A1CAB7400305193 /* Sources */ = {
			isa = PBXSourcesBuildPhase;
			buildActionMask = 2147483647;
			files = (
				B02C051A1A1CAB7400305193 /* MHAgileFrameworkTests.m in Sources */,
			);
			runOnlyForDeploymentPostprocessing = 0;
		};
/* End PBXSourcesBuildPhase section */

/* Begin PBXTargetDependency section */
		B02C05151A1CAB7400305193 /* PBXTargetDependency */ = {
			isa = PBXTargetDependency;
			target = B02C04F61A1CAB7400305193 /* MHAgileFramework */;
			targetProxy = B02C05141A1CAB7400305193 /* PBXContainerItemProxy */;
		};
/* End PBXTargetDependency section */

/* Begin XCBuildConfiguration section */
		B02C051B1A1CAB7400305193 /* Debug */ = {
			isa = XCBuildConfiguration;
			buildSettings = {
				ALWAYS_SEARCH_USER_PATHS = NO;
				CLANG_CXX_LANGUAGE_STANDARD = "gnu++0x";
				CLANG_CXX_LIBRARY = "libc++";
				CLANG_ENABLE_MODULES = YES;
				CLANG_ENABLE_OBJC_ARC = YES;
				CLANG_WARN_BOOL_CONVERSION = YES;
				CLANG_WARN_CONSTANT_CONVERSION = YES;
				CLANG_WARN_DIRECT_OBJC_ISA_USAGE = YES_ERROR;
				CLANG_WARN_EMPTY_BODY = YES;
				CLANG_WARN_ENUM_CONVERSION = YES;
				CLANG_WARN_INT_CONVERSION = YES;
				CLANG_WARN_OBJC_ROOT_CLASS = YES_ERROR;
				CLANG_WARN_UNREACHABLE_CODE = YES;
				CLANG_WARN__DUPLICATE_METHOD_MATCH = YES;
				"CODE_SIGN_IDENTITY[sdk=iphoneos*]" = "iPhone Developer";
				COPY_PHASE_STRIP = NO;
				ENABLE_STRICT_OBJC_MSGSEND = YES;
				GCC_C_LANGUAGE_STANDARD = gnu99;
				GCC_DYNAMIC_NO_PIC = NO;
				GCC_OPTIMIZATION_LEVEL = 0;
				GCC_PRECOMPILE_PREFIX_HEADER = YES;
				GCC_PREPROCESSOR_DEFINITIONS = (
					"DEBUG=1",
					"$(inherited)",
				);
				GCC_SYMBOLS_PRIVATE_EXTERN = NO;
				GCC_WARN_64_TO_32_BIT_CONVERSION = YES;
				GCC_WARN_ABOUT_RETURN_TYPE = YES_ERROR;
				GCC_WARN_UNDECLARED_SELECTOR = YES;
				GCC_WARN_UNINITIALIZED_AUTOS = YES_AGGRESSIVE;
				GCC_WARN_UNUSED_FUNCTION = YES;
				GCC_WARN_UNUSED_VARIABLE = YES;
				IPHONEOS_DEPLOYMENT_TARGET = 6.0;
				MTL_ENABLE_DEBUG_INFO = YES;
				ONLY_ACTIVE_ARCH = YES;
				SDKROOT = iphoneos;
				TARGETED_DEVICE_FAMILY = "1,2";
			};
			name = Debug;
		};
		B02C051C1A1CAB7400305193 /* Release */ = {
			isa = XCBuildConfiguration;
			buildSettings = {
				ALWAYS_SEARCH_USER_PATHS = NO;
				CLANG_CXX_LANGUAGE_STANDARD = "gnu++0x";
				CLANG_CXX_LIBRARY = "libc++";
				CLANG_ENABLE_MODULES = YES;
				CLANG_ENABLE_OBJC_ARC = YES;
				CLANG_WARN_BOOL_CONVERSION = YES;
				CLANG_WARN_CONSTANT_CONVERSION = YES;
				CLANG_WARN_DIRECT_OBJC_ISA_USAGE = YES_ERROR;
				CLANG_WARN_EMPTY_BODY = YES;
				CLANG_WARN_ENUM_CONVERSION = YES;
				CLANG_WARN_INT_CONVERSION = YES;
				CLANG_WARN_OBJC_ROOT_CLASS = YES_ERROR;
				CLANG_WARN_UNREACHABLE_CODE = YES;
				CLANG_WARN__DUPLICATE_METHOD_MATCH = YES;
				"CODE_SIGN_IDENTITY[sdk=iphoneos*]" = "iPhone Developer";
				COPY_PHASE_STRIP = YES;
				ENABLE_NS_ASSERTIONS = NO;
				ENABLE_STRICT_OBJC_MSGSEND = YES;
				GCC_C_LANGUAGE_STANDARD = gnu99;
				GCC_PRECOMPILE_PREFIX_HEADER = YES;
				GCC_WARN_64_TO_32_BIT_CONVERSION = YES;
				GCC_WARN_ABOUT_RETURN_TYPE = YES_ERROR;
				GCC_WARN_UNDECLARED_SELECTOR = YES;
				GCC_WARN_UNINITIALIZED_AUTOS = YES_AGGRESSIVE;
				GCC_WARN_UNUSED_FUNCTION = YES;
				GCC_WARN_UNUSED_VARIABLE = YES;
				IPHONEOS_DEPLOYMENT_TARGET = 6.0;
				MTL_ENABLE_DEBUG_INFO = NO;
				SDKROOT = iphoneos;
				TARGETED_DEVICE_FAMILY = "1,2";
				VALIDATE_PRODUCT = YES;
			};
			name = Release;
		};
		B02C051E1A1CAB7400305193 /* Debug */ = {
			isa = XCBuildConfiguration;
			baseConfigurationReference = 165541709DDCBC5C8F84B9A8 /* Pods.debug.xcconfig */;
			buildSettings = {
				ASSETCATALOG_COMPILER_APPICON_NAME = AppIcon;
				CODE_SIGN_IDENTITY = "iPhone Developer";
				GCC_PRECOMPILE_PREFIX_HEADER = NO;
				GCC_PREFIX_HEADER = "$(SRCROOT)/MHAgileFramework/MHPrefixHeader.pch";
				INFOPLIST_FILE = MHAgileFramework/Info.plist;
				IPHONEOS_DEPLOYMENT_TARGET = 6.0;
				LD_RUNPATH_SEARCH_PATHS = "$(inherited) @executable_path/Frameworks";
				PRODUCT_NAME = "$(TARGET_NAME)";
			};
			name = Debug;
		};
		B02C051F1A1CAB7400305193 /* Release */ = {
			isa = XCBuildConfiguration;
			baseConfigurationReference = 29CA0C15026F2E8B4630F296 /* Pods.release.xcconfig */;
			buildSettings = {
				ASSETCATALOG_COMPILER_APPICON_NAME = AppIcon;
				CODE_SIGN_IDENTITY = "iPhone Developer";
				GCC_PRECOMPILE_PREFIX_HEADER = NO;
				GCC_PREFIX_HEADER = "$(SRCROOT)/MHAgileFramework/MHPrefixHeader.pch";
				INFOPLIST_FILE = MHAgileFramework/Info.plist;
				IPHONEOS_DEPLOYMENT_TARGET = 6.0;
				LD_RUNPATH_SEARCH_PATHS = "$(inherited) @executable_path/Frameworks";
				PRODUCT_NAME = "$(TARGET_NAME)";
			};
			name = Release;
		};
		B02C05211A1CAB7400305193 /* Debug */ = {
			isa = XCBuildConfiguration;
			buildSettings = {
				BUNDLE_LOADER = "$(TEST_HOST)";
				FRAMEWORK_SEARCH_PATHS = (
					"$(SDKROOT)/Developer/Library/Frameworks",
					"$(inherited)",
				);
				GCC_PREPROCESSOR_DEFINITIONS = (
					"DEBUG=1",
					"$(inherited)",
				);
				INFOPLIST_FILE = MHAgileFrameworkTests/Info.plist;
				LD_RUNPATH_SEARCH_PATHS = "$(inherited) @executable_path/Frameworks @loader_path/Frameworks";
				PRODUCT_NAME = "$(TARGET_NAME)";
				TEST_HOST = "$(BUILT_PRODUCTS_DIR)/MHAgileFramework.app/MHAgileFramework";
			};
			name = Debug;
		};
		B02C05221A1CAB7400305193 /* Release */ = {
			isa = XCBuildConfiguration;
			buildSettings = {
				BUNDLE_LOADER = "$(TEST_HOST)";
				FRAMEWORK_SEARCH_PATHS = (
					"$(SDKROOT)/Developer/Library/Frameworks",
					"$(inherited)",
				);
				INFOPLIST_FILE = MHAgileFrameworkTests/Info.plist;
				LD_RUNPATH_SEARCH_PATHS = "$(inherited) @executable_path/Frameworks @loader_path/Frameworks";
				PRODUCT_NAME = "$(TARGET_NAME)";
				TEST_HOST = "$(BUILT_PRODUCTS_DIR)/MHAgileFramework.app/MHAgileFramework";
			};
			name = Release;
		};
/* End XCBuildConfiguration section */

/* Begin XCConfigurationList section */
		B02C04F21A1CAB7400305193 /* Build configuration list for PBXProject "MHAgileFramework" */ = {
			isa = XCConfigurationList;
			buildConfigurations = (
				B02C051B1A1CAB7400305193 /* Debug */,
				B02C051C1A1CAB7400305193 /* Release */,
			);
			defaultConfigurationIsVisible = 0;
			defaultConfigurationName = Release;
		};
		B02C051D1A1CAB7400305193 /* Build configuration list for PBXNativeTarget "MHAgileFramework" */ = {
			isa = XCConfigurationList;
			buildConfigurations = (
				B02C051E1A1CAB7400305193 /* Debug */,
				B02C051F1A1CAB7400305193 /* Release */,
			);
			defaultConfigurationIsVisible = 0;
			defaultConfigurationName = Release;
		};
		B02C05201A1CAB7400305193 /* Build configuration list for PBXNativeTarget "MHAgileFrameworkTests" */ = {
			isa = XCConfigurationList;
			buildConfigurations = (
				B02C05211A1CAB7400305193 /* Debug */,
				B02C05221A1CAB7400305193 /* Release */,
			);
			defaultConfigurationIsVisible = 0;
			defaultConfigurationName = Release;
		};
/* End XCConfigurationList section */

/* Begin XCVersionGroup section */
		B02C05011A1CAB7400305193 /* MHAgileFramework.xcdatamodeld */ = {
			isa = XCVersionGroup;
			children = (
				B02C05021A1CAB7400305193 /* MHAgileFramework.xcdatamodel */,
			);
			currentVersion = B02C05021A1CAB7400305193 /* MHAgileFramework.xcdatamodel */;
			path = MHAgileFramework.xcdatamodeld;
			sourceTree = "<group>";
			versionGroupType = wrapper.xcdatamodel;
		};
/* End XCVersionGroup section */
	};
	rootObject = B02C04EF1A1CAB7400305193 /* Project object */;
}
