// !$*UTF8*$!
{
	archiveVersion = 1;
	classes = {
	};
	objectVersion = 46;
	objects = {

/* Begin PBXBuildFile section */
		8B1596025648C1B94614AB89 /* libPods.a in Frameworks */ = {isa = PBXBuildFile; fileRef = 94E92288E7E0AD966A26ACB2 /* libPods.a */; };
		B02C04FD1A1CAB7400305193 /* main.m in Sources */ = {isa = PBXBuildFile; fileRef = B02C04FC1A1CAB7400305193 /* main.m */; };
		B02C05001A1CAB7400305193 /* AppDelegate.m in Sources */ = {isa = PBXBuildFile; fileRef = B02C04FF1A1CAB7400305193 /* AppDelegate.m */; };
		B02C05031A1CAB7400305193 /* MHAgileFramework.xcdatamodeld in Sources */ = {isa = PBXBuildFile; fileRef = B02C05011A1CAB7400305193 /* MHAgileFramework.xcdatamodeld */; };
		B02C05061A1CAB7400305193 /* ViewController.m in Sources */ = {isa = PBXBuildFile; fileRef = B02C05051A1CAB7400305193 /* ViewController.m */; };
		B02C050B1A1CAB7400305193 /* Images.xcassets in Resources */ = {isa = PBXBuildFile; fileRef = B02C050A1A1CAB7400305193 /* Images.xcassets */; };
		B02C051A1A1CAB7400305193 /* MHAgileFrameworkTests.m in Sources */ = {isa = PBXBuildFile; fileRef = B02C05191A1CAB7400305193 /* MHAgileFrameworkTests.m */; };
		B02C05B91A1DCA7500305193 /* Default-568h@2x.png in Resources */ = {isa = PBXBuildFile; fileRef = B02C05B81A1DCA7500305193 /* Default-568h@2x.png */; };
		B02C061E1A1DCC9200305193 /* MHLeftSliderViewController.m in Sources */ = {isa = PBXBuildFile; fileRef = B02C05BE1A1DCC9200305193 /* MHLeftSliderViewController.m */; };
		B02C061F1A1DCC9200305193 /* MHLeftSliderViewController.xib in Resources */ = {isa = PBXBuildFile; fileRef = B02C05BF1A1DCC9200305193 /* MHLeftSliderViewController.xib */; };
		B02C06201A1DCC9200305193 /* MHMainInterfaceViewController.m in Sources */ = {isa = PBXBuildFile; fileRef = B02C05C11A1DCC9200305193 /* MHMainInterfaceViewController.m */; };
		B02C06211A1DCC9200305193 /* MHMainInterfaceViewController.xib in Resources */ = {isa = PBXBuildFile; fileRef = B02C05C21A1DCC9200305193 /* MHMainInterfaceViewController.xib */; };
		B02C06221A1DCC9200305193 /* MHRightSliderViewController.m in Sources */ = {isa = PBXBuildFile; fileRef = B02C05C41A1DCC9200305193 /* MHRightSliderViewController.m */; };
		B02C06231A1DCC9200305193 /* MHRightSliderViewController.xib in Resources */ = {isa = PBXBuildFile; fileRef = B02C05C51A1DCC9200305193 /* MHRightSliderViewController.xib */; };
		B02C06241A1DCC9200305193 /* MHAFNetworkingManager.m in Sources */ = {isa = PBXBuildFile; fileRef = B02C05CC1A1DCC9200305193 /* MHAFNetworkingManager.m */; };
		B02C06251A1DCC9200305193 /* MHSlidingManager.m in Sources */ = {isa = PBXBuildFile; fileRef = B02C05CE1A1DCC9200305193 /* MHSlidingManager.m */; };
		B02C06261A1DCC9200305193 /* MHBaseModel.m in Sources */ = {isa = PBXBuildFile; fileRef = B02C05D11A1DCC9200305193 /* MHBaseModel.m */; };
		B02C06271A1DCC9200305193 /* MHUserInfo.m in Sources */ = {isa = PBXBuildFile; fileRef = B02C05D31A1DCC9200305193 /* MHUserInfo.m */; };
		B02C06281A1DCC9200305193 /* NSBaseObject.m in Sources */ = {isa = PBXBuildFile; fileRef = B02C05D51A1DCC9200305193 /* NSBaseObject.m */; };
		B02C06291A1DCC9200305193 /* profundity_content.css in Resources */ = {isa = PBXBuildFile; fileRef = B02C05D81A1DCC9200305193 /* profundity_content.css */; };
		B02C062A1A1DCC9200305193 /* profundity_content.js in Resources */ = {isa = PBXBuildFile; fileRef = B02C05D91A1DCC9200305193 /* profundity_content.js */; };
		B02C062B1A1DCC9200305193 /* profundity_content_template.html in Resources */ = {isa = PBXBuildFile; fileRef = B02C05DA1A1DCC9200305193 /* profundity_content_template.html */; };
		B02C062C1A1DCC9200305193 /* navi_btn_left@2x.png in Resources */ = {isa = PBXBuildFile; fileRef = B02C05DD1A1DCC9200305193 /* navi_btn_left@2x.png */; };
		B02C062D1A1DCC9200305193 /* navi_btn_right@2x.png in Resources */ = {isa = PBXBuildFile; fileRef = B02C05DE1A1DCC9200305193 /* navi_btn_right@2x.png */; };
		B02C062E1A1DCC9200305193 /* MHBaseNavigationController.m in Sources */ = {isa = PBXBuildFile; fileRef = B02C05E11A1DCC9200305193 /* MHBaseNavigationController.m */; };
		B02C062F1A1DCC9200305193 /* MHBaseTableViewController.m in Sources */ = {isa = PBXBuildFile; fileRef = B02C05E31A1DCC9200305193 /* MHBaseTableViewController.m */; };
		B02C06301A1DCC9200305193 /* MHBaseViewController.m in Sources */ = {isa = PBXBuildFile; fileRef = B02C05E51A1DCC9200305193 /* MHBaseViewController.m */; };
		B02C06311A1DCC9200305193 /* NSMutableArray+AddObject.m in Sources */ = {isa = PBXBuildFile; fileRef = B02C05E91A1DCC9200305193 /* NSMutableArray+AddObject.m */; };
		B02C06321A1DCC9200305193 /* NSObject+MHObjectExtend.m in Sources */ = {isa = PBXBuildFile; fileRef = B02C05EB1A1DCC9200305193 /* NSObject+MHObjectExtend.m */; };
		B02C06331A1DCC9200305193 /* UIView+FindFirstResponder.m in Sources */ = {isa = PBXBuildFile; fileRef = B02C05ED1A1DCC9200305193 /* UIView+FindFirstResponder.m */; };
		B02C06341A1DCC9200305193 /* UIView+NIBView.m in Sources */ = {isa = PBXBuildFile; fileRef = B02C05EF1A1DCC9200305193 /* UIView+NIBView.m */; };
		B02C06351A1DCC9200305193 /* UIViewController+MHViewExtend.m in Sources */ = {isa = PBXBuildFile; fileRef = B02C05F11A1DCC9200305193 /* UIViewController+MHViewExtend.m */; };
		B02C06361A1DCC9200305193 /* MHMD5.m in Sources */ = {isa = PBXBuildFile; fileRef = B02C05F41A1DCC9200305193 /* MHMD5.m */; };
		B02C06371A1DCC9200305193 /* ParseTool.m in Sources */ = {isa = PBXBuildFile; fileRef = B02C05F61A1DCC9200305193 /* ParseTool.m */; };
		B02C06381A1DCC9200305193 /* TimeTool.m in Sources */ = {isa = PBXBuildFile; fileRef = B02C05F81A1DCC9200305193 /* TimeTool.m */; };
		B02C06391A1DCC9200305193 /* GVUserDefaults.m in Sources */ = {isa = PBXBuildFile; fileRef = B02C05FC1A1DCC9200305193 /* GVUserDefaults.m */; };
		B02C063A1A1DCC9200305193 /* NSDictionary+Devil.m in Sources */ = {isa = PBXBuildFile; fileRef = B02C05FE1A1DCC9200305193 /* NSDictionary+Devil.m */; };
		B02C063B1A1DCC9200305193 /* NSObject+ETAdditions.m in Sources */ = {isa = PBXBuildFile; fileRef = B02C06001A1DCC9200305193 /* NSObject+ETAdditions.m */; };
		B02C063C1A1DCC9200305193 /* NSStringAdditions.m in Sources */ = {isa = PBXBuildFile; fileRef = B02C06021A1DCC9200305193 /* NSStringAdditions.m */; };
		B02C063D1A1DCC9200305193 /* UIView+DevilUIView.m in Sources */ = {isa = PBXBuildFile; fileRef = B02C06041A1DCC9200305193 /* UIView+DevilUIView.m */; };
		B02C063E1A1DCC9200305193 /* BaseNSObject.m in Sources */ = {isa = PBXBuildFile; fileRef = B02C06071A1DCC9200305193 /* BaseNSObject.m */; };
		B02C063F1A1DCC9200305193 /* NSData+IJson.m in Sources */ = {isa = PBXBuildFile; fileRef = B02C06091A1DCC9200305193 /* NSData+IJson.m */; };
		B02C06401A1DCC9200305193 /* NSString+IJson.m in Sources */ = {isa = PBXBuildFile; fileRef = B02C060B1A1DCC9200305193 /* NSString+IJson.m */; };
		B02C06411A1DCC9200305193 /* MJRefresh.bundle in Resources */ = {isa = PBXBuildFile; fileRef = B02C060D1A1DCC9200305193 /* MJRefresh.bundle */; };
		B02C06421A1DCC9200305193 /* MJRefreshBaseView.m in Sources */ = {isa = PBXBuildFile; fileRef = B02C06101A1DCC9200305193 /* MJRefreshBaseView.m */; };
		B02C06431A1DCC9200305193 /* MJRefreshConst.m in Sources */ = {isa = PBXBuildFile; fileRef = B02C06121A1DCC9200305193 /* MJRefreshConst.m */; };
		B02C06441A1DCC9200305193 /* MJRefreshFooterView.m in Sources */ = {isa = PBXBuildFile; fileRef = B02C06141A1DCC9200305193 /* MJRefreshFooterView.m */; };
		B02C06451A1DCC9200305193 /* MJRefreshHeaderView.m in Sources */ = {isa = PBXBuildFile; fileRef = B02C06161A1DCC9200305193 /* MJRefreshHeaderView.m */; };
		B02C06461A1DCC9200305193 /* XLCycleScrollView.m in Sources */ = {isa = PBXBuildFile; fileRef = B02C06191A1DCC9200305193 /* XLCycleScrollView.m */; };
		B02C06471A1DCC9200305193 /* YRSideViewController.m in Sources */ = {isa = PBXBuildFile; fileRef = B02C061C1A1DCC9200305193 /* YRSideViewController.m */; };
		B02C064D1A1F375200305193 /* MHBaseViewController+NavigationBar.m in Sources */ = {isa = PBXBuildFile; fileRef = B02C064C1A1F375200305193 /* MHBaseViewController+NavigationBar.m */; };
		B0F18C851A233CC100EFF1CA /* SandboxFile.m in Sources */ = {isa = PBXBuildFile; fileRef = B0F18C841A233CC100EFF1CA /* SandboxFile.m */; };
		B0F7920A1A2475A600D1FAFB /* MHDownloadTeskModel.m in Sources */ = {isa = PBXBuildFile; fileRef = B0F792091A2475A600D1FAFB /* MHDownloadTeskModel.m */; };
		B0F792101A24935500D1FAFB /* AFHTTPRequestOperation+TaskInfo.m in Sources */ = {isa = PBXBuildFile; fileRef = B0F7920F1A24935500D1FAFB /* AFHTTPRequestOperation+TaskInfo.m */; };
		B0F792141A24996A00D1FAFB /* Note in Resources */ = {isa = PBXBuildFile; fileRef = B0F792131A24996A00D1FAFB /* Note */; };
		B0F792171A25CEB500D1FAFB /* MHDownloadHelper.m in Sources */ = {isa = PBXBuildFile; fileRef = B0F792161A25CEB500D1FAFB /* MHDownloadHelper.m */; };
/* End PBXBuildFile section */

/* Begin PBXContainerItemProxy section */
		B02C05141A1CAB7400305193 /* PBXContainerItemProxy */ = {
			isa = PBXContainerItemProxy;
			containerPortal = B02C04EF1A1CAB7400305193 /* Project object */;
			proxyType = 1;
			remoteGlobalIDString = B02C04F61A1CAB7400305193;
			remoteInfo = MHAgileFramework;
		};
/* End PBXContainerItemProxy section */

/* Begin PBXFileReference section */
		165541709DDCBC5C8F84B9A8 /* Pods.debug.xcconfig */ = {isa = PBXFileReference; includeInIndex = 1; lastKnownFileType = text.xcconfig; name = Pods.debug.xcconfig; path = "Pods/Target Support Files/Pods/Pods.debug.xcconfig"; sourceTree = "<group>"; };
		29CA0C15026F2E8B4630F296 /* Pods.release.xcconfig */ = {isa = PBXFileReference; includeInIndex = 1; lastKnownFileType = text.xcconfig; name = Pods.release.xcconfig; path = "Pods/Target Support Files/Pods/Pods.release.xcconfig"; sourceTree = "<group>"; };
		94E92288E7E0AD966A26ACB2 /* libPods.a */ = {isa = PBXFileReference; explicitFileType = archive.ar; includeInIndex = 0; path = libPods.a; sourceTree = BUILT_PRODUCTS_DIR; };
		B02C04F71A1CAB7400305193 /* MHAgileFramework.app */ = {isa = PBXFileReference; explicitFileType = wrapper.application; includeInIndex = 0; path = MHAgileFramework.app; sourceTree = BUILT_PRODUCTS_DIR; };
		B02C04FB1A1CAB7400305193 /* Info.plist */ = {isa = PBXFileReference; lastKnownFileType = text.plist.xml; path = Info.plist; sourceTree = "<group>"; };
		B02C04FC1A1CAB7400305193 /* main.m */ = {isa = PBXFileReference; lastKnownFileType = sourcecode.c.objc; path = main.m; sourceTree = "<group>"; };
		B02C04FE1A1CAB7400305193 /* AppDelegate.h */ = {isa = PBXFileReference; lastKnownFileType = sourcecode.c.h; path = AppDelegate.h; sourceTree = "<group>"; };
		B02C04FF1A1CAB7400305193 /* AppDelegate.m */ = {isa = PBXFileReference; lastKnownFileType = sourcecode.c.objc; path = AppDelegate.m; sourceTree = "<group>"; };
		B02C05021A1CAB7400305193 /* MHAgileFramework.xcdatamodel */ = {isa = PBXFileReference; lastKnownFileType = wrapper.xcdatamodel; path = MHAgileFramework.xcdatamodel; sourceTree = "<group>"; };
		B02C05041A1CAB7400305193 /* ViewController.h */ = {isa = PBXFileReference; lastKnownFileType = sourcecode.c.h; path = ViewController.h; sourceTree = "<group>"; };
		B02C05051A1CAB7400305193 /* ViewController.m */ = {isa = PBXFileReference; lastKnownFileType = sourcecode.c.objc; path = ViewController.m; sourceTree = "<group>"; };
		B02C050A1A1CAB7400305193 /* Images.xcassets */ = {isa = PBXFileReference; lastKnownFileType = folder.assetcatalog; path = Images.xcassets; sourceTree = "<group>"; };
		B02C05131A1CAB7400305193 /* MHAgileFrameworkTests.xctest */ = {isa = PBXFileReference; explicitFileType = wrapper.cfbundle; includeInIndex = 0; path = MHAgileFrameworkTests.xctest; sourceTree = BUILT_PRODUCTS_DIR; };
		B02C05181A1CAB7400305193 /* Info.plist */ = {isa = PBXFileReference; lastKnownFileType = text.plist.xml; path = Info.plist; sourceTree = "<group>"; };
		B02C05191A1CAB7400305193 /* MHAgileFrameworkTests.m */ = {isa = PBXFileReference; lastKnownFileType = sourcecode.c.objc; path = MHAgileFrameworkTests.m; sourceTree = "<group>"; };
		B02C05B71A1DC59900305193 /* MHPrefixHeader.pch */ = {isa = PBXFileReference; fileEncoding = 4; lastKnownFileType = sourcecode.c.h; path = MHPrefixHeader.pch; sourceTree = "<group>"; };
		B02C05B81A1DCA7500305193 /* Default-568h@2x.png */ = {isa = PBXFileReference; lastKnownFileType = image.png; name = "Default-568h@2x.png"; path = "../Default-568h@2x.png"; sourceTree = "<group>"; };
		B02C05BD1A1DCC9200305193 /* MHLeftSliderViewController.h */ = {isa = PBXFileReference; fileEncoding = 4; lastKnownFileType = sourcecode.c.h; path = MHLeftSliderViewController.h; sourceTree = "<group>"; };
		B02C05BE1A1DCC9200305193 /* MHLeftSliderViewController.m */ = {isa = PBXFileReference; fileEncoding = 4; lastKnownFileType = sourcecode.c.objc; path = MHLeftSliderViewController.m; sourceTree = "<group>"; };
		B02C05BF1A1DCC9200305193 /* MHLeftSliderViewController.xib */ = {isa = PBXFileReference; fileEncoding = 4; lastKnownFileType = file.xib; path = MHLeftSliderViewController.xib; sourceTree = "<group>"; };
		B02C05C01A1DCC9200305193 /* MHMainInterfaceViewController.h */ = {isa = PBXFileReference; fileEncoding = 4; lastKnownFileType = sourcecode.c.h; path = MHMainInterfaceViewController.h; sourceTree = "<group>"; };
		B02C05C11A1DCC9200305193 /* MHMainInterfaceViewController.m */ = {isa = PBXFileReference; fileEncoding = 4; lastKnownFileType = sourcecode.c.objc; path = MHMainInterfaceViewController.m; sourceTree = "<group>"; };
		B02C05C21A1DCC9200305193 /* MHMainInterfaceViewController.xib */ = {isa = PBXFileReference; fileEncoding = 4; lastKnownFileType = file.xib; path = MHMainInterfaceViewController.xib; sourceTree = "<group>"; };
		B02C05C31A1DCC9200305193 /* MHRightSliderViewController.h */ = {isa = PBXFileReference; fileEncoding = 4; lastKnownFileType = sourcecode.c.h; path = MHRightSliderViewController.h; sourceTree = "<group>"; };
		B02C05C41A1DCC9200305193 /* MHRightSliderViewController.m */ = {isa = PBXFileReference; fileEncoding = 4; lastKnownFileType = sourcecode.c.objc; path = MHRightSliderViewController.m; sourceTree = "<group>"; };
		B02C05C51A1DCC9200305193 /* MHRightSliderViewController.xib */ = {isa = PBXFileReference; fileEncoding = 4; lastKnownFileType = file.xib; path = MHRightSliderViewController.xib; sourceTree = "<group>"; };
		B02C05C71A1DCC9200305193 /* MHCommonDef.h */ = {isa = PBXFileReference; fileEncoding = 4; lastKnownFileType = sourcecode.c.h; path = MHCommonDef.h; sourceTree = "<group>"; };
		B02C05C81A1DCC9200305193 /* MHCommonURL.h */ = {isa = PBXFileReference; fileEncoding = 4; lastKnownFileType = sourcecode.c.h; path = MHCommonURL.h; sourceTree = "<group>"; };
		B02C05C91A1DCC9200305193 /* MHInterface.h */ = {isa = PBXFileReference; fileEncoding = 4; lastKnownFileType = sourcecode.c.h; path = MHInterface.h; sourceTree = "<group>"; };
		B02C05CB1A1DCC9200305193 /* MHAFNetworkingManager.h */ = {isa = PBXFileReference; fileEncoding = 4; lastKnownFileType = sourcecode.c.h; path = MHAFNetworkingManager.h; sourceTree = "<group>"; };
		B02C05CC1A1DCC9200305193 /* MHAFNetworkingManager.m */ = {isa = PBXFileReference; fileEncoding = 4; lastKnownFileType = sourcecode.c.objc; path = MHAFNetworkingManager.m; sourceTree = "<group>"; };
		B02C05CD1A1DCC9200305193 /* MHSlidingManager.h */ = {isa = PBXFileReference; fileEncoding = 4; lastKnownFileType = sourcecode.c.h; path = MHSlidingManager.h; sourceTree = "<group>"; };
		B02C05CE1A1DCC9200305193 /* MHSlidingManager.m */ = {isa = PBXFileReference; fileEncoding = 4; lastKnownFileType = sourcecode.c.objc; path = MHSlidingManager.m; sourceTree = "<group>"; };
		B02C05D01A1DCC9200305193 /* MHBaseModel.h */ = {isa = PBXFileReference; fileEncoding = 4; lastKnownFileType = sourcecode.c.h; path = MHBaseModel.h; sourceTree = "<group>"; };
		B02C05D11A1DCC9200305193 /* MHBaseModel.m */ = {isa = PBXFileReference; fileEncoding = 4; lastKnownFileType = sourcecode.c.objc; path = MHBaseModel.m; sourceTree = "<group>"; };
		B02C05D21A1DCC9200305193 /* MHUserInfo.h */ = {isa = PBXFileReference; fileEncoding = 4; lastKnownFileType = sourcecode.c.h; path = MHUserInfo.h; sourceTree = "<group>"; };
		B02C05D31A1DCC9200305193 /* MHUserInfo.m */ = {isa = PBXFileReference; fileEncoding = 4; lastKnownFileType = sourcecode.c.objc; path = MHUserInfo.m; sourceTree = "<group>"; };
		B02C05D41A1DCC9200305193 /* NSBaseObject.h */ = {isa = PBXFileReference; fileEncoding = 4; lastKnownFileType = sourcecode.c.h; path = NSBaseObject.h; sourceTree = "<group>"; };
		B02C05D51A1DCC9200305193 /* NSBaseObject.m */ = {isa = PBXFileReference; fileEncoding = 4; lastKnownFileType = sourcecode.c.objc; path = NSBaseObject.m; sourceTree = "<group>"; };
		B02C05D81A1DCC9200305193 /* profundity_content.css */ = {isa = PBXFileReference; fileEncoding = 4; lastKnownFileType = text.css; path = profundity_content.css; sourceTree = "<group>"; };
		B02C05D91A1DCC9200305193 /* profundity_content.js */ = {isa = PBXFileReference; fileEncoding = 4; lastKnownFileType = sourcecode.javascript; path = profundity_content.js; sourceTree = "<group>"; };
		B02C05DA1A1DCC9200305193 /* profundity_content_template.html */ = {isa = PBXFileReference; fileEncoding = 4; lastKnownFileType = text.html; path = profundity_content_template.html; sourceTree = "<group>"; };
		B02C05DD1A1DCC9200305193 /* navi_btn_left@2x.png */ = {isa = PBXFileReference; lastKnownFileType = image.png; path = "navi_btn_left@2x.png"; sourceTree = "<group>"; };
		B02C05DE1A1DCC9200305193 /* navi_btn_right@2x.png */ = {isa = PBXFileReference; lastKnownFileType = image.png; path = "navi_btn_right@2x.png"; sourceTree = "<group>"; };
		B02C05E01A1DCC9200305193 /* MHBaseNavigationController.h */ = {isa = PBXFileReference; fileEncoding = 4; lastKnownFileType = sourcecode.c.h; path = MHBaseNavigationController.h; sourceTree = "<group>"; };
		B02C05E11A1DCC9200305193 /* MHBaseNavigationController.m */ = {isa = PBXFileReference; fileEncoding = 4; lastKnownFileType = sourcecode.c.objc; path = MHBaseNavigationController.m; sourceTree = "<group>"; };
		B02C05E21A1DCC9200305193 /* MHBaseTableViewController.h */ = {isa = PBXFileReference; fileEncoding = 4; lastKnownFileType = sourcecode.c.h; path = MHBaseTableViewController.h; sourceTree = "<group>"; };
		B02C05E31A1DCC9200305193 /* MHBaseTableViewController.m */ = {isa = PBXFileReference; fileEncoding = 4; lastKnownFileType = sourcecode.c.objc; path = MHBaseTableViewController.m; sourceTree = "<group>"; };
		B02C05E41A1DCC9200305193 /* MHBaseViewController.h */ = {isa = PBXFileReference; fileEncoding = 4; lastKnownFileType = sourcecode.c.h; path = MHBaseViewController.h; sourceTree = "<group>"; };
		B02C05E51A1DCC9200305193 /* MHBaseViewController.m */ = {isa = PBXFileReference; fileEncoding = 4; lastKnownFileType = sourcecode.c.objc; path = MHBaseViewController.m; sourceTree = "<group>"; };
		B02C05E81A1DCC9200305193 /* NSMutableArray+AddObject.h */ = {isa = PBXFileReference; fileEncoding = 4; lastKnownFileType = sourcecode.c.h; path = "NSMutableArray+AddObject.h"; sourceTree = "<group>"; };
		B02C05E91A1DCC9200305193 /* NSMutableArray+AddObject.m */ = {isa = PBXFileReference; fileEncoding = 4; lastKnownFileType = sourcecode.c.objc; path = "NSMutableArray+AddObject.m"; sourceTree = "<group>"; };
		B02C05EA1A1DCC9200305193 /* NSObject+MHObjectExtend.h */ = {isa = PBXFileReference; fileEncoding = 4; lastKnownFileType = sourcecode.c.h; path = "NSObject+MHObjectExtend.h"; sourceTree = "<group>"; };
		B02C05EB1A1DCC9200305193 /* NSObject+MHObjectExtend.m */ = {isa = PBXFileReference; fileEncoding = 4; lastKnownFileType = sourcecode.c.objc; path = "NSObject+MHObjectExtend.m"; sourceTree = "<group>"; };
		B02C05EC1A1DCC9200305193 /* UIView+FindFirstResponder.h */ = {isa = PBXFileReference; fileEncoding = 4; lastKnownFileType = sourcecode.c.h; path = "UIView+FindFirstResponder.h"; sourceTree = "<group>"; };
		B02C05ED1A1DCC9200305193 /* UIView+FindFirstResponder.m */ = {isa = PBXFileReference; fileEncoding = 4; lastKnownFileType = sourcecode.c.objc; path = "UIView+FindFirstResponder.m"; sourceTree = "<group>"; };
		B02C05EE1A1DCC9200305193 /* UIView+NIBView.h */ = {isa = PBXFileReference; fileEncoding = 4; lastKnownFileType = sourcecode.c.h; path = "UIView+NIBView.h"; sourceTree = "<group>"; };
		B02C05EF1A1DCC9200305193 /* UIView+NIBView.m */ = {isa = PBXFileReference; fileEncoding = 4; lastKnownFileType = sourcecode.c.objc; path = "UIView+NIBView.m"; sourceTree = "<group>"; };
		B02C05F01A1DCC9200305193 /* UIViewController+MHViewExtend.h */ = {isa = PBXFileReference; fileEncoding = 4; lastKnownFileType = sourcecode.c.h; path = "UIViewController+MHViewExtend.h"; sourceTree = "<group>"; };
		B02C05F11A1DCC9200305193 /* UIViewController+MHViewExtend.m */ = {isa = PBXFileReference; fileEncoding = 4; lastKnownFileType = sourcecode.c.objc; path = "UIViewController+MHViewExtend.m"; sourceTree = "<group>"; };
		B02C05F31A1DCC9200305193 /* MHMD5.h */ = {isa = PBXFileReference; fileEncoding = 4; lastKnownFileType = sourcecode.c.h; path = MHMD5.h; sourceTree = "<group>"; };
		B02C05F41A1DCC9200305193 /* MHMD5.m */ = {isa = PBXFileReference; fileEncoding = 4; lastKnownFileType = sourcecode.c.objc; path = MHMD5.m; sourceTree = "<group>"; };
		B02C05F51A1DCC9200305193 /* ParseTool.h */ = {isa = PBXFileReference; fileEncoding = 4; lastKnownFileType = sourcecode.c.h; path = ParseTool.h; sourceTree = "<group>"; };
		B02C05F61A1DCC9200305193 /* ParseTool.m */ = {isa = PBXFileReference; fileEncoding = 4; lastKnownFileType = sourcecode.c.objc; path = ParseTool.m; sourceTree = "<group>"; };
		B02C05F71A1DCC9200305193 /* TimeTool.h */ = {isa = PBXFileReference; fileEncoding = 4; lastKnownFileType = sourcecode.c.h; path = TimeTool.h; sourceTree = "<group>"; };
		B02C05F81A1DCC9200305193 /* TimeTool.m */ = {isa = PBXFileReference; fileEncoding = 4; lastKnownFileType = sourcecode.c.objc; path = TimeTool.m; sourceTree = "<group>"; };
		B02C05FB1A1DCC9200305193 /* GVUserDefaults.h */ = {isa = PBXFileReference; fileEncoding = 4; lastKnownFileType = sourcecode.c.h; path = GVUserDefaults.h; sourceTree = "<group>"; };
		B02C05FC1A1DCC9200305193 /* GVUserDefaults.m */ = {isa = PBXFileReference; fileEncoding = 4; lastKnownFileType = sourcecode.c.objc; path = GVUserDefaults.m; sourceTree = "<group>"; };
		B02C05FD1A1DCC9200305193 /* NSDictionary+Devil.h */ = {isa = PBXFileReference; fileEncoding = 4; lastKnownFileType = sourcecode.c.h; path = "NSDictionary+Devil.h"; sourceTree = "<group>"; };
		B02C05FE1A1DCC9200305193 /* NSDictionary+Devil.m */ = {isa = PBXFileReference; fileEncoding = 4; lastKnownFileType = sourcecode.c.objc; path = "NSDictionary+Devil.m"; sourceTree = "<group>"; };
		B02C05FF1A1DCC9200305193 /* NSObject+ETAdditions.h */ = {isa = PBXFileReference; fileEncoding = 4; lastKnownFileType = sourcecode.c.h; path = "NSObject+ETAdditions.h"; sourceTree = "<group>"; };
		B02C06001A1DCC9200305193 /* NSObject+ETAdditions.m */ = {isa = PBXFileReference; fileEncoding = 4; lastKnownFileType = sourcecode.c.objc; path = "NSObject+ETAdditions.m"; sourceTree = "<group>"; };
		B02C06011A1DCC9200305193 /* NSStringAdditions.h */ = {isa = PBXFileReference; fileEncoding = 4; lastKnownFileType = sourcecode.c.h; path = NSStringAdditions.h; sourceTree = "<group>"; };
		B02C06021A1DCC9200305193 /* NSStringAdditions.m */ = {isa = PBXFileReference; fileEncoding = 4; lastKnownFileType = sourcecode.c.objc; path = NSStringAdditions.m; sourceTree = "<group>"; };
		B02C06031A1DCC9200305193 /* UIView+DevilUIView.h */ = {isa = PBXFileReference; fileEncoding = 4; lastKnownFileType = sourcecode.c.h; path = "UIView+DevilUIView.h"; sourceTree = "<group>"; };
		B02C06041A1DCC9200305193 /* UIView+DevilUIView.m */ = {isa = PBXFileReference; fileEncoding = 4; lastKnownFileType = sourcecode.c.objc; path = "UIView+DevilUIView.m"; sourceTree = "<group>"; };
		B02C06061A1DCC9200305193 /* BaseNSObject.h */ = {isa = PBXFileReference; fileEncoding = 4; lastKnownFileType = sourcecode.c.h; path = BaseNSObject.h; sourceTree = "<group>"; };
		B02C06071A1DCC9200305193 /* BaseNSObject.m */ = {isa = PBXFileReference; fileEncoding = 4; lastKnownFileType = sourcecode.c.objc; path = BaseNSObject.m; sourceTree = "<group>"; };
		B02C06081A1DCC9200305193 /* NSData+IJson.h */ = {isa = PBXFileReference; fileEncoding = 4; lastKnownFileType = sourcecode.c.h; path = "NSData+IJson.h"; sourceTree = "<group>"; };
		B02C06091A1DCC9200305193 /* NSData+IJson.m */ = {isa = PBXFileReference; fileEncoding = 4; lastKnownFileType = sourcecode.c.objc; path = "NSData+IJson.m"; sourceTree = "<group>"; };
		B02C060A1A1DCC9200305193 /* NSString+IJson.h */ = {isa = PBXFileReference; fileEncoding = 4; lastKnownFileType = sourcecode.c.h; path = "NSString+IJson.h"; sourceTree = "<group>"; };
		B02C060B1A1DCC9200305193 /* NSString+IJson.m */ = {isa = PBXFileReference; fileEncoding = 4; lastKnownFileType = sourcecode.c.objc; path = "NSString+IJson.m"; sourceTree = "<group>"; };
		B02C060D1A1DCC9200305193 /* MJRefresh.bundle */ = {isa = PBXFileReference; lastKnownFileType = "wrapper.plug-in"; path = MJRefresh.bundle; sourceTree = "<group>"; };
		B02C060E1A1DCC9200305193 /* MJRefresh.h */ = {isa = PBXFileReference; fileEncoding = 4; lastKnownFileType = sourcecode.c.h; path = MJRefresh.h; sourceTree = "<group>"; };
		B02C060F1A1DCC9200305193 /* MJRefreshBaseView.h */ = {isa = PBXFileReference; fileEncoding = 4; lastKnownFileType = sourcecode.c.h; path = MJRefreshBaseView.h; sourceTree = "<group>"; };
		B02C06101A1DCC9200305193 /* MJRefreshBaseView.m */ = {isa = PBXFileReference; fileEncoding = 4; lastKnownFileType = sourcecode.c.objc; path = MJRefreshBaseView.m; sourceTree = "<group>"; };
		B02C06111A1DCC9200305193 /* MJRefreshConst.h */ = {isa = PBXFileReference; fileEncoding = 4; lastKnownFileType = sourcecode.c.h; path = MJRefreshConst.h; sourceTree = "<group>"; };
		B02C06121A1DCC9200305193 /* MJRefreshConst.m */ = {isa = PBXFileReference; fileEncoding = 4; lastKnownFileType = sourcecode.c.objc; path = MJRefreshConst.m; sourceTree = "<group>"; };
		B02C06131A1DCC9200305193 /* MJRefreshFooterView.h */ = {isa = PBXFileReference; fileEncoding = 4; lastKnownFileType = sourcecode.c.h; path = MJRefreshFooterView.h; sourceTree = "<group>"; };
		B02C06141A1DCC9200305193 /* MJRefreshFooterView.m */ = {isa = PBXFileReference; fileEncoding = 4; lastKnownFileType = sourcecode.c.objc; path = MJRefreshFooterView.m; sourceTree = "<group>"; };
		B02C06151A1DCC9200305193 /* MJRefreshHeaderView.h */ = {isa = PBXFileReference; fileEncoding = 4; lastKnownFileType = sourcecode.c.h; path = MJRefreshHeaderView.h; sourceTree = "<group>"; };
		B02C06161A1DCC9200305193 /* MJRefreshHeaderView.m */ = {isa = PBXFileReference; fileEncoding = 4; lastKnownFileType = sourcecode.c.objc; path = MJRefreshHeaderView.m; sourceTree = "<group>"; };
		B02C06181A1DCC9200305193 /* XLCycleScrollView.h */ = {isa = PBXFileReference; fileEncoding = 4; lastKnownFileType = sourcecode.c.h; path = XLCycleScrollView.h; sourceTree = "<group>"; };
		B02C06191A1DCC9200305193 /* XLCycleScrollView.m */ = {isa = PBXFileReference; fileEncoding = 4; lastKnownFileType = sourcecode.c.objc; path = XLCycleScrollView.m; sourceTree = "<group>"; };
		B02C061B1A1DCC9200305193 /* YRSideViewController.h */ = {isa = PBXFileReference; fileEncoding = 4; lastKnownFileType = sourcecode.c.h; path = YRSideViewController.h; sourceTree = "<group>"; };
		B02C061C1A1DCC9200305193 /* YRSideViewController.m */ = {isa = PBXFileReference; fileEncoding = 4; lastKnownFileType = sourcecode.c.objc; path = YRSideViewController.m; sourceTree = "<group>"; };
		B02C064B1A1F375200305193 /* MHBaseViewController+NavigationBar.h */ = {isa = PBXFileReference; fileEncoding = 4; lastKnownFileType = sourcecode.c.h; path = "MHBaseViewController+NavigationBar.h"; sourceTree = "<group>"; };
		B02C064C1A1F375200305193 /* MHBaseViewController+NavigationBar.m */ = {isa = PBXFileReference; fileEncoding = 4; lastKnownFileType = sourcecode.c.objc; path = "MHBaseViewController+NavigationBar.m"; sourceTree = "<group>"; };
		B0F18C831A233CC100EFF1CA /* SandboxFile.h */ = {isa = PBXFileReference; fileEncoding = 4; lastKnownFileType = sourcecode.c.h; path = SandboxFile.h; sourceTree = "<group>"; };
		B0F18C841A233CC100EFF1CA /* SandboxFile.m */ = {isa = PBXFileReference; fileEncoding = 4; lastKnownFileType = sourcecode.c.objc; path = SandboxFile.m; sourceTree = "<group>"; };
		B0F792081A2475A600D1FAFB /* MHDownloadTeskModel.h */ = {isa = PBXFileReference; fileEncoding = 4; lastKnownFileType = sourcecode.c.h; path = MHDownloadTeskModel.h; sourceTree = "<group>"; };
		B0F792091A2475A600D1FAFB /* MHDownloadTeskModel.m */ = {isa = PBXFileReference; fileEncoding = 4; lastKnownFileType = sourcecode.c.objc; path = MHDownloadTeskModel.m; sourceTree = "<group>"; };
		B0F7920E1A24935500D1FAFB /* AFHTTPRequestOperation+TaskInfo.h */ = {isa = PBXFileReference; fileEncoding = 4; lastKnownFileType = sourcecode.c.h; path = "AFHTTPRequestOperation+TaskInfo.h"; sourceTree = "<group>"; };
		B0F7920F1A24935500D1FAFB /* AFHTTPRequestOperation+TaskInfo.m */ = {isa = PBXFileReference; fileEncoding = 4; lastKnownFileType = sourcecode.c.objc; path = "AFHTTPRequestOperation+TaskInfo.m"; sourceTree = "<group>"; };
		B0F792131A24996A00D1FAFB /* Note */ = {isa = PBXFileReference; fileEncoding = 4; lastKnownFileType = text; path = Note; sourceTree = "<group>"; };
		B0F792151A25CEB500D1FAFB /* MHDownloadHelper.h */ = {isa = PBXFileReference; fileEncoding = 4; lastKnownFileType = sourcecode.c.h; path = MHDownloadHelper.h; sourceTree = "<group>"; };
		B0F792161A25CEB500D1FAFB /* MHDownloadHelper.m */ = {isa = PBXFileReference; fileEncoding = 4; lastKnownFileType = sourcecode.c.objc; path = MHDownloadHelper.m; sourceTree = "<group>"; };
/* End PBXFileReference section */

/* Begin PBXFrameworksBuildPhase section */
		B02C04F41A1CAB7400305193 /* Frameworks */ = {
			isa = PBXFrameworksBuildPhase;
			buildActionMask = 2147483647;
			files = (
				8B1596025648C1B94614AB89 /* libPods.a in Frameworks */,
			);
			runOnlyForDeploymentPostprocessing = 0;
		};
		B02C05101A1CAB7400305193 /* Frameworks */ = {
			isa = PBXFrameworksBuildPhase;
			buildActionMask = 2147483647;
			files = (
			);
			runOnlyForDeploymentPostprocessing = 0;
		};
/* End PBXFrameworksBuildPhase section */

/* Begin PBXGroup section */
		B02C04EE1A1CAB7400305193 = {
			isa = PBXGroup;
			children = (
				B0F792131A24996A00D1FAFB /* Note */,
				B02C04F91A1CAB7400305193 /* MHAgileFramework */,
				B02C05161A1CAB7400305193 /* MHAgileFrameworkTests */,
				B02C04F81A1CAB7400305193 /* Products */,
				EFC1FE473386FA65A246EBC9 /* Pods */,
				C0DF8EA4A793838B246EA3ED /* Frameworks */,
			);
			sourceTree = "<group>";
		};
		B02C04F81A1CAB7400305193 /* Products */ = {
			isa = PBXGroup;
			children = (
				B02C04F71A1CAB7400305193 /* MHAgileFramework.app */,
				B02C05131A1CAB7400305193 /* MHAgileFrameworkTests.xctest */,
			);
			name = Products;
			sourceTree = "<group>";
		};
		B02C04F91A1CAB7400305193 /* MHAgileFramework */ = {
			isa = PBXGroup;
			children = (
				B02C05BA1A1DCC9200305193 /* MHFramework v1.0.0 */,
				B02C04FE1A1CAB7400305193 /* AppDelegate.h */,
				B02C04FF1A1CAB7400305193 /* AppDelegate.m */,
				B02C05041A1CAB7400305193 /* ViewController.h */,
				B02C05051A1CAB7400305193 /* ViewController.m */,
				B02C05B71A1DC59900305193 /* MHPrefixHeader.pch */,
				B02C050A1A1CAB7400305193 /* Images.xcassets */,
				B02C05B81A1DCA7500305193 /* Default-568h@2x.png */,
				B02C05011A1CAB7400305193 /* MHAgileFramework.xcdatamodeld */,
				B02C04FA1A1CAB7400305193 /* Supporting Files */,
			);
			path = MHAgileFramework;
			sourceTree = "<group>";
		};
		B02C04FA1A1CAB7400305193 /* Supporting Files */ = {
			isa = PBXGroup;
			children = (
				B02C04FB1A1CAB7400305193 /* Info.plist */,
				B02C04FC1A1CAB7400305193 /* main.m */,
			);
			name = "Supporting Files";
			sourceTree = "<group>";
		};
		B02C05161A1CAB7400305193 /* MHAgileFrameworkTests */ = {
			isa = PBXGroup;
			children = (
				B02C05191A1CAB7400305193 /* MHAgileFrameworkTests.m */,
				B02C05171A1CAB7400305193 /* Supporting Files */,
			);
			path = MHAgileFrameworkTests;
			sourceTree = "<group>";
		};
		B02C05171A1CAB7400305193 /* Supporting Files */ = {
			isa = PBXGroup;
			children = (
				B02C05181A1CAB7400305193 /* Info.plist */,
			);
			name = "Supporting Files";
			sourceTree = "<group>";
		};
		B02C05BA1A1DCC9200305193 /* MHFramework v1.0.0 */ = {
			isa = PBXGroup;
			children = (
				B02C05BB1A1DCC9200305193 /* Common */,
				B02C05BC1A1DCC9200305193 /* Controller */,
				B02C05C61A1DCC9200305193 /* Define */,
				B02C05CA1A1DCC9200305193 /* Manager */,
				B02C05CF1A1DCC9200305193 /* Model */,
				B02C05D61A1DCC9200305193 /* Resource */,
				B02C05DF1A1DCC9200305193 /* UIBaseVC */,
				B02C05E61A1DCC9200305193 /* Util */,
				B02C05F91A1DCC9200305193 /* Vendor */,
				B02C061D1A1DCC9200305193 /* View */,
			);
			path = "MHFramework v1.0.0";
			sourceTree = "<group>";
		};
		B02C05BB1A1DCC9200305193 /* Common */ = {
			isa = PBXGroup;
			children = (
			);
			path = Common;
			sourceTree = "<group>";
		};
		B02C05BC1A1DCC9200305193 /* Controller */ = {
			isa = PBXGroup;
			children = (
				B02C05BD1A1DCC9200305193 /* MHLeftSliderViewController.h */,
				B02C05BE1A1DCC9200305193 /* MHLeftSliderViewController.m */,
				B02C05BF1A1DCC9200305193 /* MHLeftSliderViewController.xib */,
				B02C05C01A1DCC9200305193 /* MHMainInterfaceViewController.h */,
				B02C05C11A1DCC9200305193 /* MHMainInterfaceViewController.m */,
				B02C05C21A1DCC9200305193 /* MHMainInterfaceViewController.xib */,
				B02C05C31A1DCC9200305193 /* MHRightSliderViewController.h */,
				B02C05C41A1DCC9200305193 /* MHRightSliderViewController.m */,
				B02C05C51A1DCC9200305193 /* MHRightSliderViewController.xib */,
			);
			path = Controller;
			sourceTree = "<group>";
		};
		B02C05C61A1DCC9200305193 /* Define */ = {
			isa = PBXGroup;
			children = (
				B02C05C71A1DCC9200305193 /* MHCommonDef.h */,
				B02C05C81A1DCC9200305193 /* MHCommonURL.h */,
				B02C05C91A1DCC9200305193 /* MHInterface.h */,
			);
			path = Define;
			sourceTree = "<group>";
		};
		B02C05CA1A1DCC9200305193 /* Manager */ = {
			isa = PBXGroup;
			children = (
				B02C05CB1A1DCC9200305193 /* MHAFNetworkingManager.h */,
				B02C05CC1A1DCC9200305193 /* MHAFNetworkingManager.m */,
				B0F792151A25CEB500D1FAFB /* MHDownloadHelper.h */,
				B0F792161A25CEB500D1FAFB /* MHDownloadHelper.m */,
				B02C05CD1A1DCC9200305193 /* MHSlidingManager.h */,
				B02C05CE1A1DCC9200305193 /* MHSlidingManager.m */,
			);
			path = Manager;
			sourceTree = "<group>";
		};
		B02C05CF1A1DCC9200305193 /* Model */ = {
			isa = PBXGroup;
			children = (
				B02C05D01A1DCC9200305193 /* MHBaseModel.h */,
				B02C05D11A1DCC9200305193 /* MHBaseModel.m */,
				B02C05D21A1DCC9200305193 /* MHUserInfo.h */,
				B02C05D31A1DCC9200305193 /* MHUserInfo.m */,
				B02C05D41A1DCC9200305193 /* NSBaseObject.h */,
				B02C05D51A1DCC9200305193 /* NSBaseObject.m */,
				B0F792081A2475A600D1FAFB /* MHDownloadTeskModel.h */,
				B0F792091A2475A600D1FAFB /* MHDownloadTeskModel.m */,
			);
			path = Model;
			sourceTree = "<group>";
		};
		B02C05D61A1DCC9200305193 /* Resource */ = {
			isa = PBXGroup;
			children = (
				B02C05D71A1DCC9200305193 /* HTML_CSS */,
				B02C05DB1A1DCC9200305193 /* ImageSource */,
			);
			path = Resource;
			sourceTree = "<group>";
		};
		B02C05D71A1DCC9200305193 /* HTML_CSS */ = {
			isa = PBXGroup;
			children = (
				B02C05D81A1DCC9200305193 /* profundity_content.css */,
				B02C05D91A1DCC9200305193 /* profundity_content.js */,
				B02C05DA1A1DCC9200305193 /* profundity_content_template.html */,
			);
			path = HTML_CSS;
			sourceTree = "<group>";
		};
		B02C05DB1A1DCC9200305193 /* ImageSource */ = {
			isa = PBXGroup;
			children = (
				B02C05DC1A1DCC9200305193 /* NavigationBar */,
			);
			path = ImageSource;
			sourceTree = "<group>";
		};
		B02C05DC1A1DCC9200305193 /* NavigationBar */ = {
			isa = PBXGroup;
			children = (
				B02C05DD1A1DCC9200305193 /* navi_btn_left@2x.png */,
				B02C05DE1A1DCC9200305193 /* navi_btn_right@2x.png */,
			);
			path = NavigationBar;
			sourceTree = "<group>";
		};
		B02C05DF1A1DCC9200305193 /* UIBaseVC */ = {
			isa = PBXGroup;
			children = (
				B02C05E01A1DCC9200305193 /* MHBaseNavigationController.h */,
				B02C05E11A1DCC9200305193 /* MHBaseNavigationController.m */,
				B02C05E21A1DCC9200305193 /* MHBaseTableViewController.h */,
				B02C05E31A1DCC9200305193 /* MHBaseTableViewController.m */,
				B02C05E41A1DCC9200305193 /* MHBaseViewController.h */,
				B02C05E51A1DCC9200305193 /* MHBaseViewController.m */,
				B02C064B1A1F375200305193 /* MHBaseViewController+NavigationBar.h */,
				B02C064C1A1F375200305193 /* MHBaseViewController+NavigationBar.m */,
			);
			path = UIBaseVC;
			sourceTree = "<group>";
		};
		B02C05E61A1DCC9200305193 /* Util */ = {
			isa = PBXGroup;
			children = (
				B02C05E71A1DCC9200305193 /* Extend */,
				B02C05F21A1DCC9200305193 /* Obj */,
			);
			path = Util;
			sourceTree = "<group>";
		};
		B02C05E71A1DCC9200305193 /* Extend */ = {
			isa = PBXGroup;
			children = (
				B02C05E81A1DCC9200305193 /* NSMutableArray+AddObject.h */,
				B02C05E91A1DCC9200305193 /* NSMutableArray+AddObject.m */,
				B02C05EA1A1DCC9200305193 /* NSObject+MHObjectExtend.h */,
				B02C05EB1A1DCC9200305193 /* NSObject+MHObjectExtend.m */,
				B02C05EC1A1DCC9200305193 /* UIView+FindFirstResponder.h */,
				B02C05ED1A1DCC9200305193 /* UIView+FindFirstResponder.m */,
				B02C05EE1A1DCC9200305193 /* UIView+NIBView.h */,
				B02C05EF1A1DCC9200305193 /* UIView+NIBView.m */,
				B02C05F01A1DCC9200305193 /* UIViewController+MHViewExtend.h */,
				B02C05F11A1DCC9200305193 /* UIViewController+MHViewExtend.m */,
				B0F18C831A233CC100EFF1CA /* SandboxFile.h */,
				B0F18C841A233CC100EFF1CA /* SandboxFile.m */,
				B0F7920E1A24935500D1FAFB /* AFHTTPRequestOperation+TaskInfo.h */,
				B0F7920F1A24935500D1FAFB /* AFHTTPRequestOperation+TaskInfo.m */,
			);
			path = Extend;
			sourceTree = "<group>";
		};
		B02C05F21A1DCC9200305193 /* Obj */ = {
			isa = PBXGroup;
			children = (
				B02C05F31A1DCC9200305193 /* MHMD5.h */,
				B02C05F41A1DCC9200305193 /* MHMD5.m */,
				B02C05F51A1DCC9200305193 /* ParseTool.h */,
				B02C05F61A1DCC9200305193 /* ParseTool.m */,
				B02C05F71A1DCC9200305193 /* TimeTool.h */,
				B02C05F81A1DCC9200305193 /* TimeTool.m */,
			);
			path = Obj;
			sourceTree = "<group>";
		};
		B02C05F91A1DCC9200305193 /* Vendor */ = {
			isa = PBXGroup;
			children = (
				B02C05FA1A1DCC9200305193 /* Category */,
				B02C06051A1DCC9200305193 /* JsonToNSObject */,
				B02C060C1A1DCC9200305193 /* MJRefresh */,
				B02C06171A1DCC9200305193 /* XLCycleScrollView */,
				B02C061A1A1DCC9200305193 /* YRSideViewController */,
			);
			path = Vendor;
			sourceTree = "<group>";
		};
		B02C05FA1A1DCC9200305193 /* Category */ = {
			isa = PBXGroup;
			children = (
				B02C05FB1A1DCC9200305193 /* GVUserDefaults.h */,
				B02C05FC1A1DCC9200305193 /* GVUserDefaults.m */,
				B02C05FD1A1DCC9200305193 /* NSDictionary+Devil.h */,
				B02C05FE1A1DCC9200305193 /* NSDictionary+Devil.m */,
				B02C05FF1A1DCC9200305193 /* NSObject+ETAdditions.h */,
				B02C06001A1DCC9200305193 /* NSObject+ETAdditions.m */,
				B02C06011A1DCC9200305193 /* NSStringAdditions.h */,
				B02C06021A1DCC9200305193 /* NSStringAdditions.m */,
				B02C06031A1DCC9200305193 /* UIView+DevilUIView.h */,
				B02C06041A1DCC9200305193 /* UIView+DevilUIView.m */,
			);
			path = Category;
			sourceTree = "<group>";
		};
		B02C06051A1DCC9200305193 /* JsonToNSObject */ = {
			isa = PBXGroup;
			children = (
				B02C06061A1DCC9200305193 /* BaseNSObject.h */,
				B02C06071A1DCC9200305193 /* BaseNSObject.m */,
				B02C06081A1DCC9200305193 /* NSData+IJson.h */,
				B02C06091A1DCC9200305193 /* NSData+IJson.m */,
				B02C060A1A1DCC9200305193 /* NSString+IJson.h */,
				B02C060B1A1DCC9200305193 /* NSString+IJson.m */,
			);
			path = JsonToNSObject;
			sourceTree = "<group>";
		};
		B02C060C1A1DCC9200305193 /* MJRefresh */ = {
			isa = PBXGroup;
			children = (
				B02C060D1A1DCC9200305193 /* MJRefresh.bundle */,
				B02C060E1A1DCC9200305193 /* MJRefresh.h */,
				B02C060F1A1DCC9200305193 /* MJRefreshBaseView.h */,
				B02C06101A1DCC9200305193 /* MJRefreshBaseView.m */,
				B02C06111A1DCC9200305193 /* MJRefreshConst.h */,
				B02C06121A1DCC9200305193 /* MJRefreshConst.m */,
				B02C06131A1DCC9200305193 /* MJRefreshFooterView.h */,
				B02C06141A1DCC9200305193 /* MJRefreshFooterView.m */,
				B02C06151A1DCC9200305193 /* MJRefreshHeaderView.h */,
				B02C06161A1DCC9200305193 /* MJRefreshHeaderView.m */,
			);
			path = MJRefresh;
			sourceTree = "<group>";
		};
		B02C06171A1DCC9200305193 /* XLCycleScrollView */ = {
			isa = PBXGroup;
			children = (
				B02C06181A1DCC9200305193 /* XLCycleScrollView.h */,
				B02C06191A1DCC9200305193 /* XLCycleScrollView.m */,
			);
			path = XLCycleScrollView;
			sourceTree = "<group>";
		};
		B02C061A1A1DCC9200305193 /* YRSideViewController */ = {
			isa = PBXGroup;
			children = (
				B02C061B1A1DCC9200305193 /* YRSideViewController.h */,
				B02C061C1A1DCC9200305193 /* YRSideViewController.m */,
			);
			path = YRSideViewController;
			sourceTree = "<group>";
		};
		B02C061D1A1DCC9200305193 /* View */ = {
			isa = PBXGroup;
			children = (
			);
			path = View;
			sourceTree = "<group>";
		};
		C0DF8EA4A793838B246EA3ED /* Frameworks */ = {
			isa = PBXGroup;
			children = (
				94E92288E7E0AD966A26ACB2 /* libPods.a */,
			);
			name = Frameworks;
			sourceTree = "<group>";
		};
		EFC1FE473386FA65A246EBC9 /* Pods */ = {
			isa = PBXGroup;
			children = (
				165541709DDCBC5C8F84B9A8 /* Pods.debug.xcconfig */,
				29CA0C15026F2E8B4630F296 /* Pods.release.xcconfig */,
			);
			name = Pods;
			sourceTree = "<group>";
		};
/* End PBXGroup section */

/* Begin PBXNativeTarget section */
		B02C04F61A1CAB7400305193 /* MHAgileFramework */ = {
			isa = PBXNativeTarget;
			buildConfigurationList = B02C051D1A1CAB7400305193 /* Build configuration list for PBXNativeTarget "MHAgileFramework" */;
			buildPhases = (
				1269B287B2028ADF1A5D8B2F /* Check Pods Manifest.lock */,
				B02C04F31A1CAB7400305193 /* Sources */,
				B02C04F41A1CAB7400305193 /* Frameworks */,
				B02C04F51A1CAB7400305193 /* Resources */,
				71480B7066C912E38F5F4FD7 /* Copy Pods Resources */,
			);
			buildRules = (
			);
			dependencies = (
			);
			name = MHAgileFramework;
			productName = MHAgileFramework;
			productReference = B02C04F71A1CAB7400305193 /* MHAgileFramework.app */;
			productType = "com.apple.product-type.application";
		};
		B02C05121A1CAB7400305193 /* MHAgileFrameworkTests */ = {
			isa = PBXNativeTarget;
			buildConfigurationList = B02C05201A1CAB7400305193 /* Build configuration list for PBXNativeTarget "MHAgileFrameworkTests" */;
			buildPhases = (
				B02C050F1A1CAB7400305193 /* Sources */,
				B02C05101A1CAB7400305193 /* Frameworks */,
				B02C05111A1CAB7400305193 /* Resources */,
			);
			buildRules = (
			);
			dependencies = (
				B02C05151A1CAB7400305193 /* PBXTargetDependency */,
			);
			name = MHAgileFrameworkTests;
			productName = MHAgileFrameworkTests;
			productReference = B02C05131A1CAB7400305193 /* MHAgileFrameworkTests.xctest */;
			productType = "com.apple.product-type.bundle.unit-test";
		};
/* End PBXNativeTarget section */

/* Begin PBXProject section */
		B02C04EF1A1CAB7400305193 /* Project object */ = {
			isa = PBXProject;
			attributes = {
				LastUpgradeCheck = 0610;
				ORGANIZATIONNAME = "Steven Nelson";
				TargetAttributes = {
					B02C04F61A1CAB7400305193 = {
						CreatedOnToolsVersion = 6.1;
					};
					B02C05121A1CAB7400305193 = {
						CreatedOnToolsVersion = 6.1;
						TestTargetID = B02C04F61A1CAB7400305193;
					};
				};
			};
			buildConfigurationList = B02C04F21A1CAB7400305193 /* Build configuration list for PBXProject "MHAgileFramework" */;
			compatibilityVersion = "Xcode 3.2";
			developmentRegion = English;
			hasScannedForEncodings = 0;
			knownRegions = (
				en,
				Base,
			);
			mainGroup = B02C04EE1A1CAB7400305193;
			productRefGroup = B02C04F81A1CAB7400305193 /* Products */;
			projectDirPath = "";
			projectRoot = "";
			targets = (
				B02C04F61A1CAB7400305193 /* MHAgileFramework */,
				B02C05121A1CAB7400305193 /* MHAgileFrameworkTests */,
			);
		};
/* End PBXProject section */

/* Begin PBXResourcesBuildPhase section */
		B02C04F51A1CAB7400305193 /* Resources */ = {
			isa = PBXResourcesBuildPhase;
			buildActionMask = 2147483647;
			files = (
				B02C062C1A1DCC9200305193 /* navi_btn_left@2x.png in Resources */,
				B02C062B1A1DCC9200305193 /* profundity_content_template.html in Resources */,
				B02C06211A1DCC9200305193 /* MHMainInterfaceViewController.xib in Resources */,
				B02C062A1A1DCC9200305193 /* profundity_content.js in Resources */,
				B02C062D1A1DCC9200305193 /* navi_btn_right@2x.png in Resources */,
				B02C06291A1DCC9200305193 /* profundity_content.css in Resources */,
				B0F792141A24996A00D1FAFB /* Note in Resources */,
				B02C05B91A1DCA7500305193 /* Default-568h@2x.png in Resources */,
				B02C06411A1DCC9200305193 /* MJRefresh.bundle in Resources */,
				B02C06231A1DCC9200305193 /* MHRightSliderViewController.xib in Resources */,
				B02C050B1A1CAB7400305193 /* Images.xcassets in Resources */,
				B02C061F1A1DCC9200305193 /* MHLeftSliderViewController.xib in Resources */,
			);
			runOnlyForDeploymentPostprocessing = 0;
		};
		B02C05111A1CAB7400305193 /* Resources */ = {
			isa = PBXResourcesBuildPhase;
			buildActionMask = 2147483647;
			files = (
			);
			runOnlyForDeploymentPostprocessing = 0;
		};
/* End PBXResourcesBuildPhase section */

/* Begin PBXShellScriptBuildPhase section */
		1269B287B2028ADF1A5D8B2F /* Check Pods Manifest.lock */ = {
			isa = PBXShellScriptBuildPhase;
			buildActionMask = 2147483647;
			files = (
			);
			inputPaths = (
			);
			name = "Check Pods Manifest.lock";
			outputPaths = (
			);
			runOnlyForDeploymentPostprocessing = 0;
			shellPath = /bin/sh;
			shellScript = "diff \"${PODS_ROOT}/../Podfile.lock\" \"${PODS_ROOT}/Manifest.lock\" > /dev/null\nif [[ $? != 0 ]] ; then\n    cat << EOM\nerror: The sandbox is not in sync with the Podfile.lock. Run 'pod install' or update your CocoaPods installation.\nEOM\n    exit 1\nfi\n";
			showEnvVarsInLog = 0;
		};
		71480B7066C912E38F5F4FD7 /* Copy Pods Resources */ = {
			isa = PBXShellScriptBuildPhase;
			buildActionMask = 2147483647;
			files = (
			);
			inputPaths = (
			);
			name = "Copy Pods Resources";
			outputPaths = (
			);
			runOnlyForDeploymentPostprocessing = 0;
			shellPath = /bin/sh;
			shellScript = "\"${SRCROOT}/Pods/Target Support Files/Pods/Pods-resources.sh\"\n";
			showEnvVarsInLog = 0;
		};
/* End PBXShellScriptBuildPhase section */

/* Begin PBXSourcesBuildPhase section */
		B02C04F31A1CAB7400305193 /* Sources */ = {
			isa = PBXSourcesBuildPhase;
			buildActionMask = 2147483647;
			files = (
				B02C06281A1DCC9200305193 /* NSBaseObject.m in Sources */,
				B02C06381A1DCC9200305193 /* TimeTool.m in Sources */,
				B02C05031A1CAB7400305193 /* MHAgileFramework.xcdatamodeld in Sources */,
				B02C063C1A1DCC9200305193 /* NSStringAdditions.m in Sources */,
				B02C062E1A1DCC9200305193 /* MHBaseNavigationController.m in Sources */,
				B02C06261A1DCC9200305193 /* MHBaseModel.m in Sources */,
				B0F792171A25CEB500D1FAFB /* MHDownloadHelper.m in Sources */,
				B02C06341A1DCC9200305193 /* UIView+NIBView.m in Sources */,
				B0F792101A24935500D1FAFB /* AFHTTPRequestOperation+TaskInfo.m in Sources */,
				B02C06241A1DCC9200305193 /* MHAFNetworkingManager.m in Sources */,
				B02C06441A1DCC9200305193 /* MJRefreshFooterView.m in Sources */,
				B02C06431A1DCC9200305193 /* MJRefreshConst.m in Sources */,
				B02C05001A1CAB7400305193 /* AppDelegate.m in Sources */,
				B02C06271A1DCC9200305193 /* MHUserInfo.m in Sources */,
				B02C06461A1DCC9200305193 /* XLCycleScrollView.m in Sources */,
				B0F18C851A233CC100EFF1CA /* SandboxFile.m in Sources */,
				B02C06421A1DCC9200305193 /* MJRefreshBaseView.m in Sources */,
				B02C063F1A1DCC9200305193 /* NSData+IJson.m in Sources */,
				B02C06201A1DCC9200305193 /* MHMainInterfaceViewController.m in Sources */,
				B02C05061A1CAB7400305193 /* ViewController.m in Sources */,
				B02C06451A1DCC9200305193 /* MJRefreshHeaderView.m in Sources */,
				B02C061E1A1DCC9200305193 /* MHLeftSliderViewController.m in Sources */,
				B02C06311A1DCC9200305193 /* NSMutableArray+AddObject.m in Sources */,
				B02C04FD1A1CAB7400305193 /* main.m in Sources */,
				B02C06321A1DCC9200305193 /* NSObject+MHObjectExtend.m in Sources */,
				B02C063D1A1DCC9200305193 /* UIView+DevilUIView.m in Sources */,
				B02C06331A1DCC9200305193 /* UIView+FindFirstResponder.m in Sources */,
				B02C063B1A1DCC9200305193 /* NSObject+ETAdditions.m in Sources */,
				B02C06371A1DCC9200305193 /* ParseTool.m in Sources */,
				B02C062F1A1DCC9200305193 /* MHBaseTableViewController.m in Sources */,
				B02C06251A1DCC9200305193 /* MHSlidingManager.m in Sources */,
				B0F7920A1A2475A600D1FAFB /* MHDownloadTeskModel.m in Sources */,
				B02C06301A1DCC9200305193 /* MHBaseViewController.m in Sources */,
				B02C06361A1DCC9200305193 /* MHMD5.m in Sources */,
				B02C064D1A1F375200305193 /* MHBaseViewController+NavigationBar.m in Sources */,
				B02C063A1A1DCC9200305193 /* NSDictionary+Devil.m in Sources */,
				B02C06351A1DCC9200305193 /* UIViewController+MHViewExtend.m in Sources */,
				B02C06221A1DCC9200305193 /* MHRightSliderViewController.m in Sources */,
				B02C063E1A1DCC9200305193 /* BaseNSObject.m in Sources */,
				B02C06391A1DCC9200305193 /* GVUserDefaults.m in Sources */,
				B02C06471A1DCC9200305193 /* YRSideViewController.m in Sources */,
				B02C06401A1DCC9200305193 /* NSString+IJson.m in Sources */,
			);
			runOnlyForDeploymentPostprocessing = 0;
		};
		B02C050F1A1CAB7400305193 /* Sources */ = {
			isa = PBXSourcesBuildPhase;
			buildActionMask = 2147483647;
			files = (
				B02C051A1A1CAB7400305193 /* MHAgileFrameworkTests.m in Sources */,
			);
			runOnlyForDeploymentPostprocessing = 0;
		};
/* End PBXSourcesBuildPhase section */

/* Begin PBXTargetDependency section */
		B02C05151A1CAB7400305193 /* PBXTargetDependency */ = {
			isa = PBXTargetDependency;
			target = B02C04F61A1CAB7400305193 /* MHAgileFramework */;
			targetProxy = B02C05141A1CAB7400305193 /* PBXContainerItemProxy */;
		};
/* End PBXTargetDependency section */

/* Begin XCBuildConfiguration section */
		B02C051B1A1CAB7400305193 /* Debug */ = {
			isa = XCBuildConfiguration;
			buildSettings = {
				ALWAYS_SEARCH_USER_PATHS = NO;
				CLANG_CXX_LANGUAGE_STANDARD = "gnu++0x";
				CLANG_CXX_LIBRARY = "libc++";
				CLANG_ENABLE_MODULES = YES;
				CLANG_ENABLE_OBJC_ARC = YES;
				CLANG_WARN_BOOL_CONVERSION = YES;
				CLANG_WARN_CONSTANT_CONVERSION = YES;
				CLANG_WARN_DIRECT_OBJC_ISA_USAGE = YES_ERROR;
				CLANG_WARN_EMPTY_BODY = YES;
				CLANG_WARN_ENUM_CONVERSION = YES;
				CLANG_WARN_INT_CONVERSION = YES;
				CLANG_WARN_OBJC_ROOT_CLASS = YES_ERROR;
				CLANG_WARN_UNREACHABLE_CODE = YES;
				CLANG_WARN__DUPLICATE_METHOD_MATCH = YES;
				"CODE_SIGN_IDENTITY[sdk=iphoneos*]" = "iPhone Developer";
				COPY_PHASE_STRIP = NO;
				ENABLE_STRICT_OBJC_MSGSEND = YES;
				GCC_C_LANGUAGE_STANDARD = gnu99;
				GCC_DYNAMIC_NO_PIC = NO;
				GCC_OPTIMIZATION_LEVEL = 0;
				GCC_PRECOMPILE_PREFIX_HEADER = YES;
				GCC_PREPROCESSOR_DEFINITIONS = (
					"DEBUG=1",
					"$(inherited)",
				);
				GCC_SYMBOLS_PRIVATE_EXTERN = NO;
				GCC_WARN_64_TO_32_BIT_CONVERSION = YES;
				GCC_WARN_ABOUT_RETURN_TYPE = YES_ERROR;
				GCC_WARN_UNDECLARED_SELECTOR = YES;
				GCC_WARN_UNINITIALIZED_AUTOS = YES_AGGRESSIVE;
				GCC_WARN_UNUSED_FUNCTION = YES;
				GCC_WARN_UNUSED_VARIABLE = YES;
				IPHONEOS_DEPLOYMENT_TARGET = 6.0;
				MTL_ENABLE_DEBUG_INFO = YES;
				ONLY_ACTIVE_ARCH = YES;
				SDKROOT = iphoneos;
				TARGETED_DEVICE_FAMILY = "1,2";
			};
			name = Debug;
		};
		B02C051C1A1CAB7400305193 /* Release */ = {
			isa = XCBuildConfiguration;
			buildSettings = {
				ALWAYS_SEARCH_USER_PATHS = NO;
				CLANG_CXX_LANGUAGE_STANDARD = "gnu++0x";
				CLANG_CXX_LIBRARY = "libc++";
				CLANG_ENABLE_MODULES = YES;
				CLANG_ENABLE_OBJC_ARC = YES;
				CLANG_WARN_BOOL_CONVERSION = YES;
				CLANG_WARN_CONSTANT_CONVERSION = YES;
				CLANG_WARN_DIRECT_OBJC_ISA_USAGE = YES_ERROR;
				CLANG_WARN_EMPTY_BODY = YES;
				CLANG_WARN_ENUM_CONVERSION = YES;
				CLANG_WARN_INT_CONVERSION = YES;
				CLANG_WARN_OBJC_ROOT_CLASS = YES_ERROR;
				CLANG_WARN_UNREACHABLE_CODE = YES;
				CLANG_WARN__DUPLICATE_METHOD_MATCH = YES;
				"CODE_SIGN_IDENTITY[sdk=iphoneos*]" = "iPhone Developer";
				COPY_PHASE_STRIP = YES;
				ENABLE_NS_ASSERTIONS = NO;
				ENABLE_STRICT_OBJC_MSGSEND = YES;
				GCC_C_LANGUAGE_STANDARD = gnu99;
				GCC_PRECOMPILE_PREFIX_HEADER = YES;
				GCC_WARN_64_TO_32_BIT_CONVERSION = YES;
				GCC_WARN_ABOUT_RETURN_TYPE = YES_ERROR;
				GCC_WARN_UNDECLARED_SELECTOR = YES;
				GCC_WARN_UNINITIALIZED_AUTOS = YES_AGGRESSIVE;
				GCC_WARN_UNUSED_FUNCTION = YES;
				GCC_WARN_UNUSED_VARIABLE = YES;
				IPHONEOS_DEPLOYMENT_TARGET = 6.0;
				MTL_ENABLE_DEBUG_INFO = NO;
				SDKROOT = iphoneos;
				TARGETED_DEVICE_FAMILY = "1,2";
				VALIDATE_PRODUCT = YES;
			};
			name = Release;
		};
		B02C051E1A1CAB7400305193 /* Debug */ = {
			isa = XCBuildConfiguration;
			baseConfigurationReference = 165541709DDCBC5C8F84B9A8 /* Pods.debug.xcconfig */;
			buildSettings = {
				ASSETCATALOG_COMPILER_APPICON_NAME = AppIcon;
				GCC_PRECOMPILE_PREFIX_HEADER = NO;
				GCC_PREFIX_HEADER = "$(SRCROOT)/MHAgileFramework/MHPrefixHeader.pch";
				INFOPLIST_FILE = MHAgileFramework/Info.plist;
				IPHONEOS_DEPLOYMENT_TARGET = 6.0;
				LD_RUNPATH_SEARCH_PATHS = "$(inherited) @executable_path/Frameworks";
				PRODUCT_NAME = "$(TARGET_NAME)";
			};
			name = Debug;
		};
		B02C051F1A1CAB7400305193 /* Release */ = {
			isa = XCBuildConfiguration;
			baseConfigurationReference = 29CA0C15026F2E8B4630F296 /* Pods.release.xcconfig */;
			buildSettings = {
				ASSETCATALOG_COMPILER_APPICON_NAME = AppIcon;
				GCC_PRECOMPILE_PREFIX_HEADER = NO;
				GCC_PREFIX_HEADER = "$(SRCROOT)/MHAgileFramework/MHPrefixHeader.pch";
				INFOPLIST_FILE = MHAgileFramework/Info.plist;
				IPHONEOS_DEPLOYMENT_TARGET = 6.0;
				LD_RUNPATH_SEARCH_PATHS = "$(inherited) @executable_path/Frameworks";
				PRODUCT_NAME = "$(TARGET_NAME)";
			};
			name = Release;
		};
		B02C05211A1CAB7400305193 /* Debug */ = {
			isa = XCBuildConfiguration;
			buildSettings = {
				BUNDLE_LOADER = "$(TEST_HOST)";
				FRAMEWORK_SEARCH_PATHS = (
					"$(SDKROOT)/Developer/Library/Frameworks",
					"$(inherited)",
				);
				GCC_PREPROCESSOR_DEFINITIONS = (
					"DEBUG=1",
					"$(inherited)",
				);
				INFOPLIST_FILE = MHAgileFrameworkTests/Info.plist;
				LD_RUNPATH_SEARCH_PATHS = "$(inherited) @executable_path/Frameworks @loader_path/Frameworks";
				PRODUCT_NAME = "$(TARGET_NAME)";
				TEST_HOST = "$(BUILT_PRODUCTS_DIR)/MHAgileFramework.app/MHAgileFramework";
			};
			name = Debug;
		};
		B02C05221A1CAB7400305193 /* Release */ = {
			isa = XCBuildConfiguration;
			buildSettings = {
				BUNDLE_LOADER = "$(TEST_HOST)";
				FRAMEWORK_SEARCH_PATHS = (
					"$(SDKROOT)/Developer/Library/Frameworks",
					"$(inherited)",
				);
				INFOPLIST_FILE = MHAgileFrameworkTests/Info.plist;
				LD_RUNPATH_SEARCH_PATHS = "$(inherited) @executable_path/Frameworks @loader_path/Frameworks";
				PRODUCT_NAME = "$(TARGET_NAME)";
				TEST_HOST = "$(BUILT_PRODUCTS_DIR)/MHAgileFramework.app/MHAgileFramework";
			};
			name = Release;
		};
/* End XCBuildConfiguration section */

/* Begin XCConfigurationList section */
		B02C04F21A1CAB7400305193 /* Build configuration list for PBXProject "MHAgileFramework" */ = {
			isa = XCConfigurationList;
			buildConfigurations = (
				B02C051B1A1CAB7400305193 /* Debug */,
				B02C051C1A1CAB7400305193 /* Release */,
			);
			defaultConfigurationIsVisible = 0;
			defaultConfigurationName = Release;
		};
		B02C051D1A1CAB7400305193 /* Build configuration list for PBXNativeTarget "MHAgileFramework" */ = {
			isa = XCConfigurationList;
			buildConfigurations = (
				B02C051E1A1CAB7400305193 /* Debug */,
				B02C051F1A1CAB7400305193 /* Release */,
			);
			defaultConfigurationIsVisible = 0;
			defaultConfigurationName = Release;
		};
		B02C05201A1CAB7400305193 /* Build configuration list for PBXNativeTarget "MHAgileFrameworkTests" */ = {
			isa = XCConfigurationList;
			buildConfigurations = (
				B02C05211A1CAB7400305193 /* Debug */,
				B02C05221A1CAB7400305193 /* Release */,
			);
			defaultConfigurationIsVisible = 0;
			defaultConfigurationName = Release;
		};
/* End XCConfigurationList section */

/* Begin XCVersionGroup section */
		B02C05011A1CAB7400305193 /* MHAgileFramework.xcdatamodeld */ = {
			isa = XCVersionGroup;
			children = (
				B02C05021A1CAB7400305193 /* MHAgileFramework.xcdatamodel */,
			);
			currentVersion = B02C05021A1CAB7400305193 /* MHAgileFramework.xcdatamodel */;
			path = MHAgileFramework.xcdatamodeld;
			sourceTree = "<group>";
			versionGroupType = wrapper.xcdatamodel;
		};
/* End XCVersionGroup section */
	};
	rootObject = B02C04EF1A1CAB7400305193 /* Project object */;
}
